{
  "version": 4,
  "terraform_version": "1.10.3",
  "serial": 2,
  "lineage": "29e1e7da-2ec9-95c8-c95c-82658d2918c4",
  "outputs": {
    "aws_lambda_event_source_mapping_tfer--0faa539a-798a-45ea-9bc4-36b328e56ea5_id": {
      "value": "0faa539a-798a-45ea-9bc4-36b328e56ea5",
      "type": "string"
    },
    "aws_lambda_function_event_invoke_config_tfer--feic_arn-003A-aws-003A-lambda-003A-us-east-2-003A-571600864139-003A-function-003A-M1-003A--0024-LATEST_id": {
      "value": "arn:aws:lambda:us-east-2:571600864139:function:M1",
      "type": "string"
    },
    "aws_lambda_function_event_invoke_config_tfer--feic_arn-003A-aws-003A-lambda-003A-us-east-2-003A-571600864139-003A-function-003A-testDbCreation-003A--0024-LATEST_id": {
      "value": "arn:aws:lambda:us-east-2:571600864139:function:testDbCreation",
      "type": "string"
    },
    "aws_lambda_function_tfer--L1_LogsProcessing_id": {
      "value": "arn:aws:lambda:us-east-2:571600864139:function:L1_LogsProcessing",
      "type": "string"
    },
    "aws_lambda_function_tfer--M0_id": {
      "value": "arn:aws:lambda:us-east-2:571600864139:function:M0",
      "type": "string"
    },
    "aws_lambda_function_tfer--M1_id": {
      "value": "arn:aws:lambda:us-east-2:571600864139:function:M1",
      "type": "string"
    },
    "aws_lambda_function_tfer--authHandler_id": {
      "value": "arn:aws:lambda:us-east-2:571600864139:function:authHandler",
      "type": "string"
    },
    "aws_lambda_function_tfer--dashboard_id": {
      "value": "arn:aws:lambda:us-east-2:571600864139:function:dashboard",
      "type": "string"
    },
    "aws_lambda_function_tfer--generateUserTokens_id": {
      "value": "arn:aws:lambda:us-east-2:571600864139:function:generateUserTokens",
      "type": "string"
    },
    "aws_lambda_function_tfer--handleQuery_id": {
      "value": "arn:aws:lambda:us-east-2:571600864139:function:handleQuery",
      "type": "string"
    },
    "aws_lambda_function_tfer--testDbCreation_id": {
      "value": "arn:aws:lambda:us-east-2:571600864139:function:testDbCreation",
      "type": "string"
    },
    "aws_lambda_function_tfer--testFunction_id": {
      "value": "arn:aws:lambda:us-east-2:571600864139:function:testFunction",
      "type": "string"
    },
    "aws_lambda_function_tfer--validateUser_id": {
      "value": "arn:aws:lambda:us-east-2:571600864139:function:validateUser",
      "type": "string"
    },
    "aws_lambda_layer_version_tfer--arn-003A-aws-003A-lambda-003A-us-east-2-003A-571600864139-003A-layer-003A-redis-layer-003A-1_id": {
      "value": "arn:aws:lambda:us-east-2:571600864139:layer:redis-layer:1",
      "type": "string"
    },
    "aws_lambda_layer_version_tfer--arn-003A-aws-003A-lambda-003A-us-east-2-003A-571600864139-003A-layer-003A-requests-lib-003A-1_id": {
      "value": "arn:aws:lambda:us-east-2:571600864139:layer:requests-lib:1",
      "type": "string"
    },
    "aws_lambda_permission_tfer--0c07c415-c7f3-5c75-9d67-37c569ecc840_id": {
      "value": "0c07c415-c7f3-5c75-9d67-37c569ecc840",
      "type": "string"
    },
    "aws_lambda_permission_tfer--358f2ee7-0800-52e3-881a-60d7a35d05f3_id": {
      "value": "358f2ee7-0800-52e3-881a-60d7a35d05f3",
      "type": "string"
    },
    "aws_lambda_permission_tfer--461d5555-27da-5d61-813d-e2eb9cc0fa69_id": {
      "value": "461d5555-27da-5d61-813d-e2eb9cc0fa69",
      "type": "string"
    },
    "aws_lambda_permission_tfer--68b31cba-b7eb-59b2-aba5-a227f7fed785_id": {
      "value": "68b31cba-b7eb-59b2-aba5-a227f7fed785",
      "type": "string"
    },
    "aws_lambda_permission_tfer--97a8201a-376e-55f7-b3be-8d88894ce03c_id": {
      "value": "97a8201a-376e-55f7-b3be-8d88894ce03c",
      "type": "string"
    },
    "aws_lambda_permission_tfer--AllowSelfInvoke_id": {
      "value": "AllowSelfInvoke",
      "type": "string"
    },
    "aws_lambda_permission_tfer--da6e1d35-e241-5bd7-9150-e44a01a179c8_id": {
      "value": "da6e1d35-e241-5bd7-9150-e44a01a179c8",
      "type": "string"
    },
    "aws_lambda_permission_tfer--dd4d318a-df64-5e0b-b004-9f8591fb5db8_id": {
      "value": "dd4d318a-df64-5e0b-b004-9f8591fb5db8",
      "type": "string"
    },
    "aws_lambda_permission_tfer--eaf951cc-412e-5747-bc6e-9bd574525733_id": {
      "value": "eaf951cc-412e-5747-bc6e-9bd574525733",
      "type": "string"
    },
    "aws_lambda_permission_tfer--f2f708be-ef61-5079-b0b9-5cd60eb92368_id": {
      "value": "f2f708be-ef61-5079-b0b9-5cd60eb92368",
      "type": "string"
    },
    "aws_lambda_permission_tfer--f3d765fe-f959-5d08-baa5-e5615ac2c3f5_id": {
      "value": "f3d765fe-f959-5d08-baa5-e5615ac2c3f5",
      "type": "string"
    }
  },
  "resources": [
    {
      "mode": "managed",
      "type": "aws_lambda_event_source_mapping",
      "name": "tfer--0faa539a-798a-45ea-9bc4-36b328e56ea5",
      "provider": "provider[\"registry.terraform.io/hashicorp/aws\"]",
      "instances": [
        {
          "schema_version": 0,
          "attributes_flat": {
            "amazon_managed_kafka_event_source_config.#": "0",
            "arn": "arn:aws:lambda:us-east-2:571600864139:event-source-mapping:0faa539a-798a-45ea-9bc4-36b328e56ea5",
            "batch_size": "10",
            "bisect_batch_on_function_error": "false",
            "destination_config.#": "0",
            "document_db_event_source_config.#": "0",
            "enabled": "true",
            "event_source_arn": "arn:aws:sqs:us-east-2:571600864139:log_queue",
            "filter_criteria.#": "0",
            "function_arn": "arn:aws:lambda:us-east-2:571600864139:function:L1_LogsProcessing",
            "function_name": "arn:aws:lambda:us-east-2:571600864139:function:L1_LogsProcessing",
            "function_response_types.#": "0",
            "id": "0faa539a-798a-45ea-9bc4-36b328e56ea5",
            "kms_key_arn": "",
            "last_modified": "2024-12-08T19:23:49Z",
            "last_processing_result": "",
            "maximum_batching_window_in_seconds": "0",
            "maximum_record_age_in_seconds": "0",
            "maximum_retry_attempts": "0",
            "metrics_config.#": "0",
            "parallelization_factor": "0",
            "provisioned_poller_config.#": "0",
            "queues.#": "0",
            "scaling_config.#": "0",
            "self_managed_event_source.#": "0",
            "self_managed_kafka_event_source_config.#": "0",
            "source_access_configuration.#": "0",
            "starting_position": "",
            "starting_position_timestamp": "",
            "state": "Enabled",
            "state_transition_reason": "USER_INITIATED",
            "tags.%": "0",
            "tags_all.%": "0",
            "topics.#": "0",
            "tumbling_window_in_seconds": "0",
            "uuid": "0faa539a-798a-45ea-9bc4-36b328e56ea5"
          },
          "sensitive_attributes": []
        }
      ]
    },
    {
      "mode": "managed",
      "type": "aws_lambda_function",
      "name": "tfer--L1_LogsProcessing",
      "provider": "provider[\"registry.terraform.io/hashicorp/aws\"]",
      "instances": [
        {
          "schema_version": 0,
          "attributes_flat": {
            "architectures.#": "1",
            "architectures.0": "x86_64",
            "arn": "arn:aws:lambda:us-east-2:571600864139:function:L1_LogsProcessing",
            "code_sha256": "4y5b/k3YVk3MLO/7XZtv3J2ARqOfEQGT2wtH7K5nn7c=",
            "code_signing_config_arn": "",
            "dead_letter_config.#": "0",
            "description": "",
            "environment.#": "0",
            "ephemeral_storage.#": "1",
            "ephemeral_storage.0.size": "512",
            "file_system_config.#": "0",
            "function_name": "L1_LogsProcessing",
            "handler": "lambda_function.lambda_handler",
            "id": "arn:aws:lambda:us-east-2:571600864139:function:L1_LogsProcessing",
            "image_config.#": "0",
            "image_uri": "",
            "invoke_arn": "arn:aws:apigateway:us-east-2:lambda:path/2015-03-31/functions/arn:aws:lambda:us-east-2:571600864139:function:L1_LogsProcessing/invocations",
            "kms_key_arn": "",
            "last_modified": "2024-12-13T00:55:54.000+0000",
            "layers.#": "0",
            "logging_config.#": "1",
            "logging_config.0.application_log_level": "",
            "logging_config.0.log_format": "Text",
            "logging_config.0.log_group": "/aws/lambda/L1_LogsProcessing",
            "logging_config.0.system_log_level": "",
            "memory_size": "128",
            "package_type": "Zip",
            "qualified_arn": "arn:aws:lambda:us-east-2:571600864139:function:L1_LogsProcessing:$LATEST",
            "qualified_invoke_arn": "arn:aws:apigateway:us-east-2:lambda:path/2015-03-31/functions/arn:aws:lambda:us-east-2:571600864139:function:L1_LogsProcessing:$LATEST/invocations",
            "reserved_concurrent_executions": "-1",
            "role": "arn:aws:iam::571600864139:role/service-role/L1_LogsProcessing-role-9poh4pl6",
            "runtime": "python3.13",
            "signing_job_arn": "",
            "signing_profile_version_arn": "",
            "skip_destroy": "false",
            "snap_start.#": "0",
            "source_code_hash": "",
            "source_code_size": "1582",
            "tags.%": "0",
            "tags_all.%": "0",
            "timeout": "303",
            "tracing_config.#": "1",
            "tracing_config.0.mode": "PassThrough",
            "version": "$LATEST",
            "vpc_config.#": "0"
          },
          "sensitive_attributes": []
        }
      ]
    },
    {
      "mode": "managed",
      "type": "aws_lambda_function",
      "name": "tfer--M0",
      "provider": "provider[\"registry.terraform.io/hashicorp/aws\"]",
      "instances": [
        {
          "schema_version": 0,
          "attributes_flat": {
            "architectures.#": "1",
            "architectures.0": "x86_64",
            "arn": "arn:aws:lambda:us-east-2:571600864139:function:M0",
            "code_sha256": "aaq1kpkNYKULoel3kVeDi4Y2Kiyctp9lLHO0nMaI+eA=",
            "code_signing_config_arn": "",
            "dead_letter_config.#": "0",
            "description": "",
            "environment.#": "0",
            "ephemeral_storage.#": "1",
            "ephemeral_storage.0.size": "512",
            "file_system_config.#": "0",
            "function_name": "M0",
            "handler": "lambda_function.lambda_handler",
            "id": "arn:aws:lambda:us-east-2:571600864139:function:M0",
            "image_config.#": "0",
            "image_uri": "",
            "invoke_arn": "arn:aws:apigateway:us-east-2:lambda:path/2015-03-31/functions/arn:aws:lambda:us-east-2:571600864139:function:M0/invocations",
            "kms_key_arn": "",
            "last_modified": "2024-12-14T02:12:22.000+0000",
            "layers.#": "1",
            "layers.0": "arn:aws:lambda:us-east-2:571600864139:layer:redis-layer:1",
            "logging_config.#": "1",
            "logging_config.0.application_log_level": "",
            "logging_config.0.log_format": "Text",
            "logging_config.0.log_group": "/aws/lambda/M0",
            "logging_config.0.system_log_level": "",
            "memory_size": "128",
            "package_type": "Zip",
            "qualified_arn": "arn:aws:lambda:us-east-2:571600864139:function:M0:$LATEST",
            "qualified_invoke_arn": "arn:aws:apigateway:us-east-2:lambda:path/2015-03-31/functions/arn:aws:lambda:us-east-2:571600864139:function:M0:$LATEST/invocations",
            "reserved_concurrent_executions": "-1",
            "role": "arn:aws:iam::571600864139:role/service-role/M0-role-aox0rhci",
            "runtime": "python3.13",
            "signing_job_arn": "",
            "signing_profile_version_arn": "",
            "skip_destroy": "false",
            "snap_start.#": "0",
            "source_code_hash": "",
            "source_code_size": "2150",
            "tags.%": "0",
            "tags_all.%": "0",
            "timeout": "300",
            "tracing_config.#": "1",
            "tracing_config.0.mode": "PassThrough",
            "version": "$LATEST",
            "vpc_config.#": "0"
          },
          "sensitive_attributes": []
        }
      ]
    },
    {
      "mode": "managed",
      "type": "aws_lambda_function",
      "name": "tfer--M1",
      "provider": "provider[\"registry.terraform.io/hashicorp/aws\"]",
      "instances": [
        {
          "schema_version": 0,
          "attributes_flat": {
            "architectures.#": "1",
            "architectures.0": "x86_64",
            "arn": "arn:aws:lambda:us-east-2:571600864139:function:M1",
            "code_sha256": "MDN3iEmaT2t+GiQm00S60HDociiwUKoMkuN+/snYtDI=",
            "code_signing_config_arn": "",
            "dead_letter_config.#": "0",
            "description": "",
            "environment.#": "0",
            "ephemeral_storage.#": "1",
            "ephemeral_storage.0.size": "512",
            "file_system_config.#": "0",
            "function_name": "M1",
            "handler": "lambda_function.lambda_handler",
            "id": "arn:aws:lambda:us-east-2:571600864139:function:M1",
            "image_config.#": "0",
            "image_uri": "",
            "invoke_arn": "arn:aws:apigateway:us-east-2:lambda:path/2015-03-31/functions/arn:aws:lambda:us-east-2:571600864139:function:M1/invocations",
            "kms_key_arn": "",
            "last_modified": "2024-12-14T03:19:15.000+0000",
            "layers.#": "2",
            "layers.0": "arn:aws:lambda:us-east-2:571600864139:layer:redis-layer:1",
            "layers.1": "arn:aws:lambda:us-east-2:571600864139:layer:requests-lib:1",
            "logging_config.#": "1",
            "logging_config.0.application_log_level": "",
            "logging_config.0.log_format": "Text",
            "logging_config.0.log_group": "/aws/lambda/M1",
            "logging_config.0.system_log_level": "",
            "memory_size": "128",
            "package_type": "Zip",
            "qualified_arn": "arn:aws:lambda:us-east-2:571600864139:function:M1:$LATEST",
            "qualified_invoke_arn": "arn:aws:apigateway:us-east-2:lambda:path/2015-03-31/functions/arn:aws:lambda:us-east-2:571600864139:function:M1:$LATEST/invocations",
            "reserved_concurrent_executions": "-1",
            "role": "arn:aws:iam::571600864139:role/service-role/M1-role-xiyfas82",
            "runtime": "python3.13",
            "signing_job_arn": "",
            "signing_profile_version_arn": "",
            "skip_destroy": "false",
            "snap_start.#": "0",
            "source_code_hash": "",
            "source_code_size": "4225",
            "tags.%": "0",
            "tags_all.%": "0",
            "timeout": "600",
            "tracing_config.#": "1",
            "tracing_config.0.mode": "PassThrough",
            "version": "$LATEST",
            "vpc_config.#": "0"
          },
          "sensitive_attributes": []
        }
      ]
    },
    {
      "mode": "managed",
      "type": "aws_lambda_function",
      "name": "tfer--authHandler",
      "provider": "provider[\"registry.terraform.io/hashicorp/aws\"]",
      "instances": [
        {
          "schema_version": 0,
          "attributes_flat": {
            "architectures.#": "1",
            "architectures.0": "x86_64",
            "arn": "arn:aws:lambda:us-east-2:571600864139:function:authHandler",
            "code_sha256": "XBO9lFPeztxks7KB8plPjU84OZJV0/qdy5ep5Q41SQU=",
            "code_signing_config_arn": "",
            "dead_letter_config.#": "0",
            "description": "LF0",
            "environment.#": "0",
            "ephemeral_storage.#": "1",
            "ephemeral_storage.0.size": "512",
            "file_system_config.#": "0",
            "function_name": "authHandler",
            "handler": "lambda_function.lambda_handler",
            "id": "arn:aws:lambda:us-east-2:571600864139:function:authHandler",
            "image_config.#": "0",
            "image_uri": "",
            "invoke_arn": "arn:aws:apigateway:us-east-2:lambda:path/2015-03-31/functions/arn:aws:lambda:us-east-2:571600864139:function:authHandler/invocations",
            "kms_key_arn": "",
            "last_modified": "2024-12-07T23:52:43.000+0000",
            "layers.#": "0",
            "logging_config.#": "1",
            "logging_config.0.application_log_level": "",
            "logging_config.0.log_format": "Text",
            "logging_config.0.log_group": "/aws/lambda/authHandler",
            "logging_config.0.system_log_level": "",
            "memory_size": "128",
            "package_type": "Zip",
            "qualified_arn": "arn:aws:lambda:us-east-2:571600864139:function:authHandler:$LATEST",
            "qualified_invoke_arn": "arn:aws:apigateway:us-east-2:lambda:path/2015-03-31/functions/arn:aws:lambda:us-east-2:571600864139:function:authHandler:$LATEST/invocations",
            "reserved_concurrent_executions": "-1",
            "role": "arn:aws:iam::571600864139:role/service-role/authHandler-role-frn4akrh",
            "runtime": "python3.13",
            "signing_job_arn": "",
            "signing_profile_version_arn": "",
            "skip_destroy": "false",
            "snap_start.#": "0",
            "source_code_hash": "",
            "source_code_size": "945",
            "tags.%": "0",
            "tags_all.%": "0",
            "timeout": "300",
            "tracing_config.#": "1",
            "tracing_config.0.mode": "PassThrough",
            "version": "$LATEST",
            "vpc_config.#": "0"
          },
          "sensitive_attributes": []
        }
      ]
    },
    {
      "mode": "managed",
      "type": "aws_lambda_function",
      "name": "tfer--dashboard",
      "provider": "provider[\"registry.terraform.io/hashicorp/aws\"]",
      "instances": [
        {
          "schema_version": 0,
          "attributes_flat": {
            "architectures.#": "1",
            "architectures.0": "x86_64",
            "arn": "arn:aws:lambda:us-east-2:571600864139:function:dashboard",
            "code_sha256": "a7+wpVbp+AZw61HG4EcjB2xN8/e5QRbtQ0/EHi7JHms=",
            "code_signing_config_arn": "",
            "dead_letter_config.#": "0",
            "description": "LF4",
            "environment.#": "0",
            "ephemeral_storage.#": "1",
            "ephemeral_storage.0.size": "512",
            "file_system_config.#": "0",
            "function_name": "dashboard",
            "handler": "lambda_function.lambda_handler",
            "id": "arn:aws:lambda:us-east-2:571600864139:function:dashboard",
            "image_config.#": "0",
            "image_uri": "",
            "invoke_arn": "arn:aws:apigateway:us-east-2:lambda:path/2015-03-31/functions/arn:aws:lambda:us-east-2:571600864139:function:dashboard/invocations",
            "kms_key_arn": "",
            "last_modified": "2024-12-14T03:13:06.000+0000",
            "layers.#": "0",
            "logging_config.#": "1",
            "logging_config.0.application_log_level": "",
            "logging_config.0.log_format": "Text",
            "logging_config.0.log_group": "/aws/lambda/dashboard",
            "logging_config.0.system_log_level": "",
            "memory_size": "128",
            "package_type": "Zip",
            "qualified_arn": "arn:aws:lambda:us-east-2:571600864139:function:dashboard:$LATEST",
            "qualified_invoke_arn": "arn:aws:apigateway:us-east-2:lambda:path/2015-03-31/functions/arn:aws:lambda:us-east-2:571600864139:function:dashboard:$LATEST/invocations",
            "reserved_concurrent_executions": "-1",
            "role": "arn:aws:iam::571600864139:role/service-role/dashboard-role-gor4riai",
            "runtime": "python3.13",
            "signing_job_arn": "",
            "signing_profile_version_arn": "",
            "skip_destroy": "false",
            "snap_start.#": "0",
            "source_code_hash": "",
            "source_code_size": "2908",
            "tags.%": "0",
            "tags_all.%": "0",
            "timeout": "3",
            "tracing_config.#": "1",
            "tracing_config.0.mode": "PassThrough",
            "version": "$LATEST",
            "vpc_config.#": "0"
          },
          "sensitive_attributes": []
        }
      ]
    },
    {
      "mode": "managed",
      "type": "aws_lambda_function",
      "name": "tfer--generateUserTokens",
      "provider": "provider[\"registry.terraform.io/hashicorp/aws\"]",
      "instances": [
        {
          "schema_version": 0,
          "attributes_flat": {
            "architectures.#": "1",
            "architectures.0": "x86_64",
            "arn": "arn:aws:lambda:us-east-2:571600864139:function:generateUserTokens",
            "code_sha256": "AtyfTBUOis56KQ7uPfUjcR5/x9Kp4yUWjQsv9meGXP0=",
            "code_signing_config_arn": "",
            "dead_letter_config.#": "0",
            "description": "Generate Auth Token",
            "environment.#": "0",
            "ephemeral_storage.#": "1",
            "ephemeral_storage.0.size": "512",
            "file_system_config.#": "0",
            "function_name": "generateUserTokens",
            "handler": "lambda_function.lambda_handler",
            "id": "arn:aws:lambda:us-east-2:571600864139:function:generateUserTokens",
            "image_config.#": "0",
            "image_uri": "",
            "invoke_arn": "arn:aws:apigateway:us-east-2:lambda:path/2015-03-31/functions/arn:aws:lambda:us-east-2:571600864139:function:generateUserTokens/invocations",
            "kms_key_arn": "",
            "last_modified": "2024-12-13T01:26:58.000+0000",
            "layers.#": "0",
            "logging_config.#": "1",
            "logging_config.0.application_log_level": "",
            "logging_config.0.log_format": "Text",
            "logging_config.0.log_group": "/aws/lambda/generateUserTokens",
            "logging_config.0.system_log_level": "",
            "memory_size": "128",
            "package_type": "Zip",
            "qualified_arn": "arn:aws:lambda:us-east-2:571600864139:function:generateUserTokens:$LATEST",
            "qualified_invoke_arn": "arn:aws:apigateway:us-east-2:lambda:path/2015-03-31/functions/arn:aws:lambda:us-east-2:571600864139:function:generateUserTokens:$LATEST/invocations",
            "reserved_concurrent_executions": "-1",
            "role": "arn:aws:iam::571600864139:role/service-role/generateUserTokens-role-mo0yzvsg",
            "runtime": "python3.13",
            "signing_job_arn": "",
            "signing_profile_version_arn": "",
            "skip_destroy": "false",
            "snap_start.#": "0",
            "source_code_hash": "",
            "source_code_size": "2350",
            "tags.%": "0",
            "tags_all.%": "0",
            "timeout": "3",
            "tracing_config.#": "1",
            "tracing_config.0.mode": "PassThrough",
            "version": "$LATEST",
            "vpc_config.#": "0"
          },
          "sensitive_attributes": []
        }
      ]
    },
    {
      "mode": "managed",
      "type": "aws_lambda_function",
      "name": "tfer--handleQuery",
      "provider": "provider[\"registry.terraform.io/hashicorp/aws\"]",
      "instances": [
        {
          "schema_version": 0,
          "attributes_flat": {
            "architectures.#": "1",
            "architectures.0": "x86_64",
            "arn": "arn:aws:lambda:us-east-2:571600864139:function:handleQuery",
            "code_sha256": "F1545hbklYKevUzDR8GnMYsyL3XrH1Z06YSQY17/ECc=",
            "code_signing_config_arn": "",
            "dead_letter_config.#": "0",
            "description": "LF2",
            "environment.#": "0",
            "ephemeral_storage.#": "1",
            "ephemeral_storage.0.size": "512",
            "file_system_config.#": "0",
            "function_name": "handleQuery",
            "handler": "lambda_function.lambda_handler",
            "id": "arn:aws:lambda:us-east-2:571600864139:function:handleQuery",
            "image_config.#": "0",
            "image_uri": "",
            "invoke_arn": "arn:aws:apigateway:us-east-2:lambda:path/2015-03-31/functions/arn:aws:lambda:us-east-2:571600864139:function:handleQuery/invocations",
            "kms_key_arn": "",
            "last_modified": "2024-12-12T19:15:20.000+0000",
            "layers.#": "0",
            "logging_config.#": "1",
            "logging_config.0.application_log_level": "",
            "logging_config.0.log_format": "Text",
            "logging_config.0.log_group": "/aws/lambda/handleQuery",
            "logging_config.0.system_log_level": "",
            "memory_size": "128",
            "package_type": "Zip",
            "qualified_arn": "arn:aws:lambda:us-east-2:571600864139:function:handleQuery:$LATEST",
            "qualified_invoke_arn": "arn:aws:apigateway:us-east-2:lambda:path/2015-03-31/functions/arn:aws:lambda:us-east-2:571600864139:function:handleQuery:$LATEST/invocations",
            "reserved_concurrent_executions": "-1",
            "role": "arn:aws:iam::571600864139:role/service-role/handleQuery-role-6e09cwve",
            "runtime": "python3.13",
            "signing_job_arn": "",
            "signing_profile_version_arn": "",
            "skip_destroy": "false",
            "snap_start.#": "0",
            "source_code_hash": "",
            "source_code_size": "2779",
            "tags.%": "0",
            "tags_all.%": "0",
            "timeout": "20",
            "tracing_config.#": "1",
            "tracing_config.0.mode": "PassThrough",
            "version": "$LATEST",
            "vpc_config.#": "0"
          },
          "sensitive_attributes": []
        }
      ]
    },
    {
      "mode": "managed",
      "type": "aws_lambda_function",
      "name": "tfer--testDbCreation",
      "provider": "provider[\"registry.terraform.io/hashicorp/aws\"]",
      "instances": [
        {
          "schema_version": 0,
          "attributes_flat": {
            "architectures.#": "1",
            "architectures.0": "x86_64",
            "arn": "arn:aws:lambda:us-east-2:571600864139:function:testDbCreation",
            "code_sha256": "bXg6Zl8+xykcK5v1wF/be8iBxzHUND+YS9qIYzG8D7Y=",
            "code_signing_config_arn": "",
            "dead_letter_config.#": "0",
            "description": "LF6",
            "environment.#": "0",
            "ephemeral_storage.#": "1",
            "ephemeral_storage.0.size": "512",
            "file_system_config.#": "0",
            "function_name": "testDbCreation",
            "handler": "lambda_function.lambda_handler",
            "id": "arn:aws:lambda:us-east-2:571600864139:function:testDbCreation",
            "image_config.#": "0",
            "image_uri": "",
            "invoke_arn": "arn:aws:apigateway:us-east-2:lambda:path/2015-03-31/functions/arn:aws:lambda:us-east-2:571600864139:function:testDbCreation/invocations",
            "kms_key_arn": "",
            "last_modified": "2024-12-09T20:47:48.000+0000",
            "layers.#": "0",
            "logging_config.#": "1",
            "logging_config.0.application_log_level": "",
            "logging_config.0.log_format": "Text",
            "logging_config.0.log_group": "/aws/lambda/testDbCreation",
            "logging_config.0.system_log_level": "",
            "memory_size": "128",
            "package_type": "Zip",
            "qualified_arn": "arn:aws:lambda:us-east-2:571600864139:function:testDbCreation:$LATEST",
            "qualified_invoke_arn": "arn:aws:apigateway:us-east-2:lambda:path/2015-03-31/functions/arn:aws:lambda:us-east-2:571600864139:function:testDbCreation:$LATEST/invocations",
            "reserved_concurrent_executions": "-1",
            "role": "arn:aws:iam::571600864139:role/service-role/testDbCreation-role-jbqi5p81",
            "runtime": "python3.12",
            "signing_job_arn": "",
            "signing_profile_version_arn": "",
            "skip_destroy": "false",
            "snap_start.#": "0",
            "source_code_hash": "",
            "source_code_size": "2653",
            "tags.%": "0",
            "tags_all.%": "0",
            "timeout": "30",
            "tracing_config.#": "1",
            "tracing_config.0.mode": "PassThrough",
            "version": "$LATEST",
            "vpc_config.#": "0"
          },
          "sensitive_attributes": []
        }
      ]
    },
    {
      "mode": "managed",
      "type": "aws_lambda_function",
      "name": "tfer--testFunction",
      "provider": "provider[\"registry.terraform.io/hashicorp/aws\"]",
      "instances": [
        {
          "schema_version": 0,
          "attributes_flat": {
            "architectures.#": "1",
            "architectures.0": "x86_64",
            "arn": "arn:aws:lambda:us-east-2:571600864139:function:testFunction",
            "code_sha256": "1qRqvzMVy6Csq/0zKq+YcZ4CvqHRtbXJEqvbyKUuW94=",
            "code_signing_config_arn": "",
            "dead_letter_config.#": "0",
            "description": "LF3 - User Creation",
            "environment.#": "0",
            "ephemeral_storage.#": "1",
            "ephemeral_storage.0.size": "512",
            "file_system_config.#": "0",
            "function_name": "testFunction",
            "handler": "lambda_function.lambda_handler",
            "id": "arn:aws:lambda:us-east-2:571600864139:function:testFunction",
            "image_config.#": "0",
            "image_uri": "",
            "invoke_arn": "arn:aws:apigateway:us-east-2:lambda:path/2015-03-31/functions/arn:aws:lambda:us-east-2:571600864139:function:testFunction/invocations",
            "kms_key_arn": "",
            "last_modified": "2024-12-10T22:26:33.000+0000",
            "layers.#": "0",
            "logging_config.#": "1",
            "logging_config.0.application_log_level": "",
            "logging_config.0.log_format": "Text",
            "logging_config.0.log_group": "/aws/lambda/testFunction",
            "logging_config.0.system_log_level": "",
            "memory_size": "128",
            "package_type": "Zip",
            "qualified_arn": "arn:aws:lambda:us-east-2:571600864139:function:testFunction:$LATEST",
            "qualified_invoke_arn": "arn:aws:apigateway:us-east-2:lambda:path/2015-03-31/functions/arn:aws:lambda:us-east-2:571600864139:function:testFunction:$LATEST/invocations",
            "reserved_concurrent_executions": "-1",
            "role": "arn:aws:iam::571600864139:role/service-role/testFunction-role-r0kevvjk",
            "runtime": "python3.12",
            "signing_job_arn": "",
            "signing_profile_version_arn": "",
            "skip_destroy": "false",
            "snap_start.#": "0",
            "source_code_hash": "",
            "source_code_size": "1292",
            "tags.%": "0",
            "tags_all.%": "0",
            "timeout": "300",
            "tracing_config.#": "1",
            "tracing_config.0.mode": "PassThrough",
            "version": "$LATEST",
            "vpc_config.#": "0"
          },
          "sensitive_attributes": []
        }
      ]
    },
    {
      "mode": "managed",
      "type": "aws_lambda_function",
      "name": "tfer--validateUser",
      "provider": "provider[\"registry.terraform.io/hashicorp/aws\"]",
      "instances": [
        {
          "schema_version": 0,
          "attributes_flat": {
            "architectures.#": "1",
            "architectures.0": "x86_64",
            "arn": "arn:aws:lambda:us-east-2:571600864139:function:validateUser",
            "code_sha256": "5FBDnH6Ntnf1dRET+/rTeWqtmJOmziU3zUmErdMWyTI=",
            "code_signing_config_arn": "",
            "dead_letter_config.#": "0",
            "description": "",
            "environment.#": "0",
            "ephemeral_storage.#": "1",
            "ephemeral_storage.0.size": "512",
            "file_system_config.#": "0",
            "function_name": "validateUser",
            "handler": "lambda_function.lambda_handler",
            "id": "arn:aws:lambda:us-east-2:571600864139:function:validateUser",
            "image_config.#": "0",
            "image_uri": "",
            "invoke_arn": "arn:aws:apigateway:us-east-2:lambda:path/2015-03-31/functions/arn:aws:lambda:us-east-2:571600864139:function:validateUser/invocations",
            "kms_key_arn": "",
            "last_modified": "2024-12-12T23:42:32.000+0000",
            "layers.#": "0",
            "logging_config.#": "1",
            "logging_config.0.application_log_level": "",
            "logging_config.0.log_format": "Text",
            "logging_config.0.log_group": "/aws/lambda/validateUser",
            "logging_config.0.system_log_level": "",
            "memory_size": "128",
            "package_type": "Zip",
            "qualified_arn": "arn:aws:lambda:us-east-2:571600864139:function:validateUser:$LATEST",
            "qualified_invoke_arn": "arn:aws:apigateway:us-east-2:lambda:path/2015-03-31/functions/arn:aws:lambda:us-east-2:571600864139:function:validateUser:$LATEST/invocations",
            "reserved_concurrent_executions": "-1",
            "role": "arn:aws:iam::571600864139:role/service-role/validateUser-role-vbjiog7k",
            "runtime": "python3.13",
            "signing_job_arn": "",
            "signing_profile_version_arn": "",
            "skip_destroy": "false",
            "snap_start.#": "0",
            "source_code_hash": "",
            "source_code_size": "857",
            "tags.%": "0",
            "tags_all.%": "0",
            "timeout": "3",
            "tracing_config.#": "1",
            "tracing_config.0.mode": "PassThrough",
            "version": "$LATEST",
            "vpc_config.#": "0"
          },
          "sensitive_attributes": []
        }
      ]
    },
    {
      "mode": "managed",
      "type": "aws_lambda_function_event_invoke_config",
      "name": "tfer--feic_arn-003A-aws-003A-lambda-003A-us-east-2-003A-571600864139-003A-function-003A-M1-003A--0024-LATEST",
      "provider": "provider[\"registry.terraform.io/hashicorp/aws\"]",
      "instances": [
        {
          "schema_version": 0,
          "attributes_flat": {
            "destination_config.#": "1",
            "destination_config.0.on_failure.#": "1",
            "destination_config.0.on_failure.0.destination": "arn:aws:sqs:us-east-2:571600864139:log_queue",
            "destination_config.0.on_success.#": "0",
            "function_name": "arn:aws:lambda:us-east-2:571600864139:function:M1",
            "id": "arn:aws:lambda:us-east-2:571600864139:function:M1",
            "maximum_event_age_in_seconds": "0",
            "maximum_retry_attempts": "0",
            "qualifier": ""
          },
          "sensitive_attributes": []
        }
      ]
    },
    {
      "mode": "managed",
      "type": "aws_lambda_function_event_invoke_config",
      "name": "tfer--feic_arn-003A-aws-003A-lambda-003A-us-east-2-003A-571600864139-003A-function-003A-testDbCreation-003A--0024-LATEST",
      "provider": "provider[\"registry.terraform.io/hashicorp/aws\"]",
      "instances": [
        {
          "schema_version": 0,
          "attributes_flat": {
            "destination_config.#": "1",
            "destination_config.0.on_failure.#": "1",
            "destination_config.0.on_failure.0.destination": "arn:aws:sqs:us-east-2:571600864139:log_queue",
            "destination_config.0.on_success.#": "0",
            "function_name": "arn:aws:lambda:us-east-2:571600864139:function:testDbCreation",
            "id": "arn:aws:lambda:us-east-2:571600864139:function:testDbCreation",
            "maximum_event_age_in_seconds": "0",
            "maximum_retry_attempts": "0",
            "qualifier": ""
          },
          "sensitive_attributes": []
        }
      ]
    },
    {
      "mode": "managed",
      "type": "aws_lambda_layer_version",
      "name": "tfer--arn-003A-aws-003A-lambda-003A-us-east-2-003A-571600864139-003A-layer-003A-redis-layer-003A-1",
      "provider": "provider[\"registry.terraform.io/hashicorp/aws\"]",
      "instances": [
        {
          "schema_version": 0,
          "attributes_flat": {
            "arn": "arn:aws:lambda:us-east-2:571600864139:layer:redis-layer:1",
            "code_sha256": "lXP2Xj23VLU+78Y+zusRGwZECjHyHCBAk9+vmlHa3CE=",
            "compatible_architectures.#": "1",
            "compatible_architectures.0": "x86_64",
            "compatible_runtimes.#": "1",
            "compatible_runtimes.0": "python3.13",
            "created_date": "2024-12-07T23:50:14.546+0000",
            "description": "",
            "id": "arn:aws:lambda:us-east-2:571600864139:layer:redis-layer:1",
            "layer_arn": "arn:aws:lambda:us-east-2:571600864139:layer:redis-layer",
            "layer_name": "redis-layer",
            "license_info": "",
            "signing_job_arn": "",
            "signing_profile_version_arn": "",
            "source_code_hash": "",
            "source_code_size": "828417",
            "version": "1"
          },
          "sensitive_attributes": []
        }
      ]
    },
    {
      "mode": "managed",
      "type": "aws_lambda_layer_version",
      "name": "tfer--arn-003A-aws-003A-lambda-003A-us-east-2-003A-571600864139-003A-layer-003A-requests-lib-003A-1",
      "provider": "provider[\"registry.terraform.io/hashicorp/aws\"]",
      "instances": [
        {
          "schema_version": 0,
          "attributes_flat": {
            "arn": "arn:aws:lambda:us-east-2:571600864139:layer:requests-lib:1",
            "code_sha256": "FylzjWcbr/uJ+D8KCgPrUgJ9eOACGsyo1R1Ei3Djvks=",
            "compatible_architectures.#": "1",
            "compatible_architectures.0": "x86_64",
            "compatible_runtimes.#": "1",
            "compatible_runtimes.0": "python3.13",
            "created_date": "2024-12-10T03:21:14.031+0000",
            "description": "Requests library to send emails",
            "id": "arn:aws:lambda:us-east-2:571600864139:layer:requests-lib:1",
            "layer_arn": "arn:aws:lambda:us-east-2:571600864139:layer:requests-lib",
            "layer_name": "requests-lib",
            "license_info": "",
            "signing_job_arn": "",
            "signing_profile_version_arn": "",
            "source_code_hash": "",
            "source_code_size": "1081958",
            "version": "1"
          },
          "sensitive_attributes": []
        }
      ]
    },
    {
      "mode": "managed",
      "type": "aws_lambda_permission",
      "name": "tfer--0c07c415-c7f3-5c75-9d67-37c569ecc840",
      "provider": "provider[\"registry.terraform.io/hashicorp/aws\"]",
      "instances": [
        {
          "schema_version": 0,
          "attributes_flat": {
            "action": "lambda:InvokeFunction",
            "function_name": "arn:aws:lambda:us-east-2:571600864139:function:generateUserTokens",
            "id": "0c07c415-c7f3-5c75-9d67-37c569ecc840",
            "principal": "apigateway.amazonaws.com",
            "qualifier": "",
            "source_arn": "arn:aws:execute-api:us-east-2:571600864139:6b6ucoyz90/*/POST/generate_token",
            "statement_id": "0c07c415-c7f3-5c75-9d67-37c569ecc840",
            "statement_id_prefix": ""
          },
          "sensitive_attributes": []
        }
      ]
    },
    {
      "mode": "managed",
      "type": "aws_lambda_permission",
      "name": "tfer--358f2ee7-0800-52e3-881a-60d7a35d05f3",
      "provider": "provider[\"registry.terraform.io/hashicorp/aws\"]",
      "instances": [
        {
          "schema_version": 0,
          "attributes_flat": {
            "action": "lambda:InvokeFunction",
            "function_name": "arn:aws:lambda:us-east-2:571600864139:function:handleQuery",
            "id": "358f2ee7-0800-52e3-881a-60d7a35d05f3",
            "principal": "apigateway.amazonaws.com",
            "qualifier": "",
            "source_arn": "arn:aws:execute-api:us-east-2:571600864139:6b6ucoyz90/*/POST/query",
            "statement_id": "358f2ee7-0800-52e3-881a-60d7a35d05f3",
            "statement_id_prefix": ""
          },
          "sensitive_attributes": []
        }
      ]
    },
    {
      "mode": "managed",
      "type": "aws_lambda_permission",
      "name": "tfer--461d5555-27da-5d61-813d-e2eb9cc0fa69",
      "provider": "provider[\"registry.terraform.io/hashicorp/aws\"]",
      "instances": [
        {
          "schema_version": 0,
          "attributes_flat": {
            "action": "lambda:InvokeFunction",
            "function_name": "arn:aws:lambda:us-east-2:571600864139:function:M0",
            "id": "461d5555-27da-5d61-813d-e2eb9cc0fa69",
            "principal": "apigateway.amazonaws.com",
            "qualifier": "",
            "source_arn": "arn:aws:execute-api:us-east-2:571600864139:2dr3wn94t1/*/POST/migrate",
            "statement_id": "461d5555-27da-5d61-813d-e2eb9cc0fa69",
            "statement_id_prefix": ""
          },
          "sensitive_attributes": []
        }
      ]
    },
    {
      "mode": "managed",
      "type": "aws_lambda_permission",
      "name": "tfer--68b31cba-b7eb-59b2-aba5-a227f7fed785",
      "provider": "provider[\"registry.terraform.io/hashicorp/aws\"]",
      "instances": [
        {
          "schema_version": 0,
          "attributes_flat": {
            "action": "lambda:InvokeFunction",
            "function_name": "arn:aws:lambda:us-east-2:571600864139:function:dashboard",
            "id": "68b31cba-b7eb-59b2-aba5-a227f7fed785",
            "principal": "apigateway.amazonaws.com",
            "qualifier": "",
            "source_arn": "arn:aws:execute-api:us-east-2:571600864139:6b6ucoyz90/*/POST/dashboard",
            "statement_id": "68b31cba-b7eb-59b2-aba5-a227f7fed785",
            "statement_id_prefix": ""
          },
          "sensitive_attributes": []
        }
      ]
    },
    {
      "mode": "managed",
      "type": "aws_lambda_permission",
      "name": "tfer--97a8201a-376e-55f7-b3be-8d88894ce03c",
      "provider": "provider[\"registry.terraform.io/hashicorp/aws\"]",
      "instances": [
        {
          "schema_version": 0,
          "attributes_flat": {
            "action": "lambda:InvokeFunction",
            "function_name": "arn:aws:lambda:us-east-2:571600864139:function:generateUserTokens",
            "id": "97a8201a-376e-55f7-b3be-8d88894ce03c",
            "principal": "apigateway.amazonaws.com",
            "qualifier": "",
            "source_arn": "arn:aws:execute-api:us-east-2:571600864139:2dr3wn94t1/*/POST/generate_token",
            "statement_id": "97a8201a-376e-55f7-b3be-8d88894ce03c",
            "statement_id_prefix": ""
          },
          "sensitive_attributes": []
        }
      ]
    },
    {
      "mode": "managed",
      "type": "aws_lambda_permission",
      "name": "tfer--AllowSelfInvoke",
      "provider": "provider[\"registry.terraform.io/hashicorp/aws\"]",
      "instances": [
        {
          "schema_version": 0,
          "attributes_flat": {
            "action": "lambda:InvokeFunction",
            "function_name": "arn:aws:lambda:us-east-2:571600864139:function:L1_LogsProcessing",
            "id": "AllowSelfInvoke",
            "principal": "lambda.amazonaws.com",
            "qualifier": "",
            "statement_id": "AllowSelfInvoke",
            "statement_id_prefix": ""
          },
          "sensitive_attributes": []
        }
      ]
    },
    {
      "mode": "managed",
      "type": "aws_lambda_permission",
      "name": "tfer--da6e1d35-e241-5bd7-9150-e44a01a179c8",
      "provider": "provider[\"registry.terraform.io/hashicorp/aws\"]",
      "instances": [
        {
          "schema_version": 0,
          "attributes_flat": {
            "action": "lambda:InvokeFunction",
            "function_name": "arn:aws:lambda:us-east-2:571600864139:function:handleQuery",
            "id": "da6e1d35-e241-5bd7-9150-e44a01a179c8",
            "principal": "apigateway.amazonaws.com",
            "qualifier": "",
            "source_arn": "arn:aws:execute-api:us-east-2:571600864139:2dr3wn94t1/*/POST/query",
            "statement_id": "da6e1d35-e241-5bd7-9150-e44a01a179c8",
            "statement_id_prefix": ""
          },
          "sensitive_attributes": []
        }
      ]
    },
    {
      "mode": "managed",
      "type": "aws_lambda_permission",
      "name": "tfer--dd4d318a-df64-5e0b-b004-9f8591fb5db8",
      "provider": "provider[\"registry.terraform.io/hashicorp/aws\"]",
      "instances": [
        {
          "schema_version": 0,
          "attributes_flat": {
            "action": "lambda:InvokeFunction",
            "function_name": "arn:aws:lambda:us-east-2:571600864139:function:testFunction",
            "id": "dd4d318a-df64-5e0b-b004-9f8591fb5db8",
            "principal": "apigateway.amazonaws.com",
            "qualifier": "",
            "source_arn": "arn:aws:execute-api:us-east-2:571600864139:2dr3wn94t1/*/POST/create_user",
            "statement_id": "dd4d318a-df64-5e0b-b004-9f8591fb5db8",
            "statement_id_prefix": ""
          },
          "sensitive_attributes": []
        }
      ]
    },
    {
      "mode": "managed",
      "type": "aws_lambda_permission",
      "name": "tfer--eaf951cc-412e-5747-bc6e-9bd574525733",
      "provider": "provider[\"registry.terraform.io/hashicorp/aws\"]",
      "instances": [
        {
          "schema_version": 0,
          "attributes_flat": {
            "action": "lambda:InvokeFunction",
            "function_name": "arn:aws:lambda:us-east-2:571600864139:function:validateUser",
            "id": "eaf951cc-412e-5747-bc6e-9bd574525733",
            "principal": "apigateway.amazonaws.com",
            "qualifier": "",
            "source_arn": "arn:aws:execute-api:us-east-2:571600864139:2dr3wn94t1/*/POST/validate_user",
            "statement_id": "eaf951cc-412e-5747-bc6e-9bd574525733",
            "statement_id_prefix": ""
          },
          "sensitive_attributes": []
        }
      ]
    },
    {
      "mode": "managed",
      "type": "aws_lambda_permission",
      "name": "tfer--f2f708be-ef61-5079-b0b9-5cd60eb92368",
      "provider": "provider[\"registry.terraform.io/hashicorp/aws\"]",
      "instances": [
        {
          "schema_version": 0,
          "attributes_flat": {
            "action": "lambda:InvokeFunction",
            "function_name": "arn:aws:lambda:us-east-2:571600864139:function:dashboard",
            "id": "f2f708be-ef61-5079-b0b9-5cd60eb92368",
            "principal": "apigateway.amazonaws.com",
            "qualifier": "",
            "source_arn": "arn:aws:execute-api:us-east-2:571600864139:2dr3wn94t1/*/POST/dashboard",
            "statement_id": "f2f708be-ef61-5079-b0b9-5cd60eb92368",
            "statement_id_prefix": ""
          },
          "sensitive_attributes": []
        }
      ]
    },
    {
      "mode": "managed",
      "type": "aws_lambda_permission",
      "name": "tfer--f3d765fe-f959-5d08-baa5-e5615ac2c3f5",
      "provider": "provider[\"registry.terraform.io/hashicorp/aws\"]",
      "instances": [
        {
          "schema_version": 0,
          "attributes_flat": {
            "action": "lambda:InvokeFunction",
            "function_name": "arn:aws:lambda:us-east-2:571600864139:function:authHandler",
            "id": "f3d765fe-f959-5d08-baa5-e5615ac2c3f5",
            "principal": "apigateway.amazonaws.com",
            "qualifier": "",
            "source_arn": "arn:aws:execute-api:us-east-2:571600864139:2dr3wn94t1/authorizers/0w9k5i",
            "statement_id": "f3d765fe-f959-5d08-baa5-e5615ac2c3f5",
            "statement_id_prefix": ""
          },
          "sensitive_attributes": []
        }
      ]
    }
  ],
  "check_results": null
}
