{
  "version": 4,
  "terraform_version": "1.10.3",
  "serial": 1,
  "lineage": "a4476508-232c-4044-62d6-63da7f488e59",
  "outputs": {
    "aws_instance_tfer--i-01704987a8d1e2771_cloudproject_id": {
      "value": "i-01704987a8d1e2771",
      "type": "string"
    },
    "aws_instance_tfer--i-026f838b29170580d_redis-cache-instance_id": {
      "value": "i-026f838b29170580d",
      "type": "string"
    },
    "aws_instance_tfer--i-045e576d617ec1c1e_testEC2_id": {
      "value": "i-045e576d617ec1c1e",
      "type": "string"
    }
  },
  "resources": [
    {
      "mode": "managed",
      "type": "aws_instance",
      "name": "tfer--i-01704987a8d1e2771_cloudproject",
      "provider": "provider[\"registry.terraform.io/-/aws\"]",
      "instances": [
        {
          "schema_version": 1,
          "attributes_flat": {
            "ami": "ami-036841078a4b68e14",
            "arn": "arn:aws:ec2:us-east-2:571600864139:instance/i-01704987a8d1e2771",
            "associate_public_ip_address": "true",
            "availability_zone": "us-east-2a",
            "capacity_reservation_specification.#": "1",
            "capacity_reservation_specification.0.capacity_reservation_preference": "open",
            "capacity_reservation_specification.0.capacity_reservation_target.#": "0",
            "cpu_core_count": "1",
            "cpu_options.#": "1",
            "cpu_options.0.amd_sev_snp": "",
            "cpu_options.0.core_count": "1",
            "cpu_options.0.threads_per_core": "1",
            "cpu_threads_per_core": "1",
            "credit_specification.#": "1",
            "credit_specification.0.cpu_credits": "standard",
            "disable_api_stop": "false",
            "disable_api_termination": "false",
            "ebs_block_device.#": "0",
            "ebs_optimized": "false",
            "enclave_options.#": "1",
            "enclave_options.0.enabled": "false",
            "ephemeral_block_device.#": "0",
            "get_password_data": "false",
            "hibernation": "false",
            "host_id": "",
            "iam_instance_profile": "",
            "id": "i-01704987a8d1e2771",
            "instance_initiated_shutdown_behavior": "stop",
            "instance_lifecycle": "",
            "instance_market_options.#": "0",
            "instance_state": "running",
            "instance_type": "t2.micro",
            "ipv6_address_count": "0",
            "ipv6_addresses.#": "0",
            "key_name": "ec2",
            "launch_template.#": "0",
            "maintenance_options.#": "1",
            "maintenance_options.0.auto_recovery": "default",
            "metadata_options.#": "1",
            "metadata_options.0.http_endpoint": "enabled",
            "metadata_options.0.http_protocol_ipv6": "disabled",
            "metadata_options.0.http_put_response_hop_limit": "2",
            "metadata_options.0.http_tokens": "required",
            "metadata_options.0.instance_metadata_tags": "disabled",
            "monitoring": "false",
            "network_interface.#": "0",
            "outpost_arn": "",
            "password_data": "",
            "placement_group": "",
            "placement_partition_number": "0",
            "primary_network_interface_id": "eni-0bc501f26fcc5d838",
            "private_dns": "ip-172-31-6-227.us-east-2.compute.internal",
            "private_dns_name_options.#": "1",
            "private_dns_name_options.0.enable_resource_name_dns_a_record": "true",
            "private_dns_name_options.0.enable_resource_name_dns_aaaa_record": "false",
            "private_dns_name_options.0.hostname_type": "ip-name",
            "private_ip": "172.31.6.227",
            "public_dns": "ec2-18-190-207-151.us-east-2.compute.amazonaws.com",
            "public_ip": "18.190.207.151",
            "root_block_device.#": "1",
            "root_block_device.0.delete_on_termination": "true",
            "root_block_device.0.device_name": "/dev/sda1",
            "root_block_device.0.encrypted": "false",
            "root_block_device.0.iops": "3000",
            "root_block_device.0.kms_key_id": "",
            "root_block_device.0.tags.%": "0",
            "root_block_device.0.tags_all.%": "0",
            "root_block_device.0.throughput": "125",
            "root_block_device.0.volume_id": "vol-016b28ef435012636",
            "root_block_device.0.volume_size": "8",
            "root_block_device.0.volume_type": "gp3",
            "secondary_private_ips.#": "0",
            "security_groups.#": "1",
            "security_groups.0": "launch-wizard-4",
            "source_dest_check": "true",
            "spot_instance_request_id": "",
            "subnet_id": "subnet-09419ba3f1de0d04a",
            "tags.%": "1",
            "tags.Name": "cloudproject",
            "tags_all.%": "1",
            "tags_all.Name": "cloudproject",
            "tenancy": "default",
            "user_data_base64": "",
            "vpc_security_group_ids.#": "1",
            "vpc_security_group_ids.0": "sg-0580b4caa740e983d"
          },
          "sensitive_attributes": []
        }
      ]
    },
    {
      "mode": "managed",
      "type": "aws_instance",
      "name": "tfer--i-026f838b29170580d_redis-cache-instance",
      "provider": "provider[\"registry.terraform.io/-/aws\"]",
      "instances": [
        {
          "schema_version": 1,
          "attributes_flat": {
            "ami": "ami-0c80e2b6ccb9ad6d1",
            "arn": "arn:aws:ec2:us-east-2:571600864139:instance/i-026f838b29170580d",
            "associate_public_ip_address": "true",
            "availability_zone": "us-east-2b",
            "capacity_reservation_specification.#": "1",
            "capacity_reservation_specification.0.capacity_reservation_preference": "open",
            "capacity_reservation_specification.0.capacity_reservation_target.#": "0",
            "cpu_core_count": "1",
            "cpu_options.#": "1",
            "cpu_options.0.amd_sev_snp": "",
            "cpu_options.0.core_count": "1",
            "cpu_options.0.threads_per_core": "1",
            "cpu_threads_per_core": "1",
            "credit_specification.#": "1",
            "credit_specification.0.cpu_credits": "standard",
            "disable_api_stop": "false",
            "disable_api_termination": "false",
            "ebs_block_device.#": "0",
            "ebs_optimized": "false",
            "enclave_options.#": "1",
            "enclave_options.0.enabled": "false",
            "ephemeral_block_device.#": "0",
            "get_password_data": "false",
            "hibernation": "false",
            "host_id": "",
            "iam_instance_profile": "",
            "id": "i-026f838b29170580d",
            "instance_initiated_shutdown_behavior": "stop",
            "instance_lifecycle": "",
            "instance_market_options.#": "0",
            "instance_state": "running",
            "instance_type": "t2.micro",
            "ipv6_address_count": "0",
            "ipv6_addresses.#": "0",
            "key_name": "",
            "launch_template.#": "0",
            "maintenance_options.#": "1",
            "maintenance_options.0.auto_recovery": "default",
            "metadata_options.#": "1",
            "metadata_options.0.http_endpoint": "enabled",
            "metadata_options.0.http_protocol_ipv6": "disabled",
            "metadata_options.0.http_put_response_hop_limit": "2",
            "metadata_options.0.http_tokens": "required",
            "metadata_options.0.instance_metadata_tags": "disabled",
            "monitoring": "false",
            "network_interface.#": "0",
            "outpost_arn": "",
            "password_data": "",
            "placement_group": "",
            "placement_partition_number": "0",
            "primary_network_interface_id": "eni-00e71bc904d40f381",
            "private_dns": "ip-172-31-20-115.us-east-2.compute.internal",
            "private_dns_name_options.#": "1",
            "private_dns_name_options.0.enable_resource_name_dns_a_record": "true",
            "private_dns_name_options.0.enable_resource_name_dns_aaaa_record": "false",
            "private_dns_name_options.0.hostname_type": "ip-name",
            "private_ip": "172.31.20.115",
            "public_dns": "ec2-3-143-213-198.us-east-2.compute.amazonaws.com",
            "public_ip": "3.143.213.198",
            "root_block_device.#": "1",
            "root_block_device.0.delete_on_termination": "true",
            "root_block_device.0.device_name": "/dev/xvda",
            "root_block_device.0.encrypted": "false",
            "root_block_device.0.iops": "3000",
            "root_block_device.0.kms_key_id": "",
            "root_block_device.0.tags.%": "0",
            "root_block_device.0.tags_all.%": "0",
            "root_block_device.0.throughput": "125",
            "root_block_device.0.volume_id": "vol-008af7282ff5202bb",
            "root_block_device.0.volume_size": "8",
            "root_block_device.0.volume_type": "gp3",
            "secondary_private_ips.#": "0",
            "security_groups.#": "1",
            "security_groups.0": "launch-wizard-3",
            "source_dest_check": "true",
            "spot_instance_request_id": "",
            "subnet_id": "subnet-0d2d79a3412bdf152",
            "tags.%": "1",
            "tags.Name": "redis-cache-instance",
            "tags_all.%": "1",
            "tags_all.Name": "redis-cache-instance",
            "tenancy": "default",
            "user_data_base64": "",
            "vpc_security_group_ids.#": "1",
            "vpc_security_group_ids.0": "sg-0a0cd914e36d17537"
          },
          "sensitive_attributes": []
        }
      ]
    },
    {
      "mode": "managed",
      "type": "aws_instance",
      "name": "tfer--i-045e576d617ec1c1e_testEC2",
      "provider": "provider[\"registry.terraform.io/-/aws\"]",
      "instances": [
        {
          "schema_version": 1,
          "attributes_flat": {
            "ami": "ami-0942ecd5d85baa812",
            "arn": "arn:aws:ec2:us-east-2:571600864139:instance/i-045e576d617ec1c1e",
            "associate_public_ip_address": "true",
            "availability_zone": "us-east-2a",
            "capacity_reservation_specification.#": "1",
            "capacity_reservation_specification.0.capacity_reservation_preference": "open",
            "capacity_reservation_specification.0.capacity_reservation_target.#": "0",
            "cpu_core_count": "1",
            "cpu_options.#": "1",
            "cpu_options.0.amd_sev_snp": "",
            "cpu_options.0.core_count": "1",
            "cpu_options.0.threads_per_core": "1",
            "cpu_threads_per_core": "1",
            "credit_specification.#": "1",
            "credit_specification.0.cpu_credits": "standard",
            "disable_api_stop": "false",
            "disable_api_termination": "false",
            "ebs_block_device.#": "0",
            "ebs_optimized": "false",
            "enclave_options.#": "1",
            "enclave_options.0.enabled": "false",
            "ephemeral_block_device.#": "0",
            "get_password_data": "false",
            "hibernation": "false",
            "host_id": "",
            "iam_instance_profile": "EC2-ssm-role",
            "id": "i-045e576d617ec1c1e",
            "instance_initiated_shutdown_behavior": "stop",
            "instance_lifecycle": "",
            "instance_market_options.#": "0",
            "instance_state": "running",
            "instance_type": "t2.micro",
            "ipv6_address_count": "0",
            "ipv6_addresses.#": "0",
            "key_name": "ec2",
            "launch_template.#": "0",
            "maintenance_options.#": "1",
            "maintenance_options.0.auto_recovery": "default",
            "metadata_options.#": "1",
            "metadata_options.0.http_endpoint": "enabled",
            "metadata_options.0.http_protocol_ipv6": "disabled",
            "metadata_options.0.http_put_response_hop_limit": "2",
            "metadata_options.0.http_tokens": "required",
            "metadata_options.0.instance_metadata_tags": "disabled",
            "monitoring": "false",
            "network_interface.#": "0",
            "outpost_arn": "",
            "password_data": "",
            "placement_group": "",
            "placement_partition_number": "0",
            "primary_network_interface_id": "eni-0084c408d886c2996",
            "private_dns": "ip-172-31-6-23.us-east-2.compute.internal",
            "private_dns_name_options.#": "1",
            "private_dns_name_options.0.enable_resource_name_dns_a_record": "true",
            "private_dns_name_options.0.enable_resource_name_dns_aaaa_record": "false",
            "private_dns_name_options.0.hostname_type": "ip-name",
            "private_ip": "172.31.6.23",
            "public_dns": "ec2-3-128-198-162.us-east-2.compute.amazonaws.com",
            "public_ip": "3.128.198.162",
            "root_block_device.#": "1",
            "root_block_device.0.delete_on_termination": "true",
            "root_block_device.0.device_name": "/dev/xvda",
            "root_block_device.0.encrypted": "false",
            "root_block_device.0.iops": "3000",
            "root_block_device.0.kms_key_id": "",
            "root_block_device.0.tags.%": "0",
            "root_block_device.0.tags_all.%": "0",
            "root_block_device.0.throughput": "125",
            "root_block_device.0.volume_id": "vol-0ada53410ada22846",
            "root_block_device.0.volume_size": "8",
            "root_block_device.0.volume_type": "gp3",
            "secondary_private_ips.#": "0",
            "security_groups.#": "3",
            "security_groups.0": "default",
            "security_groups.1": "launch-wizard-1",
            "security_groups.2": "launch-wizard-2",
            "source_dest_check": "true",
            "spot_instance_request_id": "",
            "subnet_id": "subnet-09419ba3f1de0d04a",
            "tags.%": "1",
            "tags.Name": "testEC2",
            "tags_all.%": "1",
            "tags_all.Name": "testEC2",
            "tenancy": "default",
            "user_data_base64": "",
            "vpc_security_group_ids.#": "3",
            "vpc_security_group_ids.0": "sg-0b02998105dcfc1bf",
            "vpc_security_group_ids.1": "sg-0b22ad61b9e0f9367",
            "vpc_security_group_ids.2": "sg-0e8ffe4db09a0dbfe"
          },
          "sensitive_attributes": []
        }
      ]
    }
  ],
  "check_results": null
}
