{
  "version": 4,
  "terraform_version": "1.10.3",
  "serial": 2,
  "lineage": "77aa3448-878f-c6d1-1fdc-d911bfb0dfa4",
  "outputs": {
    "aws_api_gateway_authorizer_tfer--0w9k5i_id": {
      "value": "0w9k5i",
      "type": "string"
    },
    "aws_api_gateway_documentation_part_tfer--2dr3wn94t1-002F-114yz8_id": {
      "value": "2dr3wn94t1/114yz8",
      "type": "string"
    },
    "aws_api_gateway_documentation_part_tfer--2dr3wn94t1-002F-35z34c_id": {
      "value": "2dr3wn94t1/35z34c",
      "type": "string"
    },
    "aws_api_gateway_documentation_part_tfer--2dr3wn94t1-002F-4irl2i_id": {
      "value": "2dr3wn94t1/4irl2i",
      "type": "string"
    },
    "aws_api_gateway_documentation_part_tfer--2dr3wn94t1-002F-689did_id": {
      "value": "2dr3wn94t1/689did",
      "type": "string"
    },
    "aws_api_gateway_documentation_part_tfer--2dr3wn94t1-002F-6jvgss_id": {
      "value": "2dr3wn94t1/6jvgss",
      "type": "string"
    },
    "aws_api_gateway_documentation_part_tfer--2dr3wn94t1-002F-dxfcr6_id": {
      "value": "2dr3wn94t1/dxfcr6",
      "type": "string"
    },
    "aws_api_gateway_documentation_part_tfer--2dr3wn94t1-002F-eyz0so_id": {
      "value": "2dr3wn94t1/eyz0so",
      "type": "string"
    },
    "aws_api_gateway_documentation_part_tfer--2dr3wn94t1-002F-gr2hfe_id": {
      "value": "2dr3wn94t1/gr2hfe",
      "type": "string"
    },
    "aws_api_gateway_documentation_part_tfer--2dr3wn94t1-002F-gtjoxh_id": {
      "value": "2dr3wn94t1/gtjoxh",
      "type": "string"
    },
    "aws_api_gateway_documentation_part_tfer--2dr3wn94t1-002F-gv0rz5_id": {
      "value": "2dr3wn94t1/gv0rz5",
      "type": "string"
    },
    "aws_api_gateway_documentation_part_tfer--2dr3wn94t1-002F-hj28bc_id": {
      "value": "2dr3wn94t1/hj28bc",
      "type": "string"
    },
    "aws_api_gateway_documentation_part_tfer--2dr3wn94t1-002F-j50v8d_id": {
      "value": "2dr3wn94t1/j50v8d",
      "type": "string"
    },
    "aws_api_gateway_documentation_part_tfer--2dr3wn94t1-002F-jz8ua3_id": {
      "value": "2dr3wn94t1/jz8ua3",
      "type": "string"
    },
    "aws_api_gateway_documentation_part_tfer--2dr3wn94t1-002F-p8q9jj_id": {
      "value": "2dr3wn94t1/p8q9jj",
      "type": "string"
    },
    "aws_api_gateway_documentation_part_tfer--2dr3wn94t1-002F-rrxasi_id": {
      "value": "2dr3wn94t1/rrxasi",
      "type": "string"
    },
    "aws_api_gateway_gateway_response_tfer--2dr3wn94t1-002F-DEFAULT_4XX_id": {
      "value": "2dr3wn94t1/DEFAULT_4XX",
      "type": "string"
    },
    "aws_api_gateway_gateway_response_tfer--2dr3wn94t1-002F-DEFAULT_5XX_id": {
      "value": "2dr3wn94t1/DEFAULT_5XX",
      "type": "string"
    },
    "aws_api_gateway_integration_response_tfer--2dr3wn94t1-002F-6sv64a-002F-OPTIONS-002F-200_id": {
      "value": "2dr3wn94t1/6sv64a/OPTIONS/200",
      "type": "string"
    },
    "aws_api_gateway_integration_response_tfer--2dr3wn94t1-002F-6sv64a-002F-POST-002F-200_id": {
      "value": "2dr3wn94t1/6sv64a/POST/200",
      "type": "string"
    },
    "aws_api_gateway_integration_response_tfer--2dr3wn94t1-002F-f3b1vg-002F-OPTIONS-002F-200_id": {
      "value": "2dr3wn94t1/f3b1vg/OPTIONS/200",
      "type": "string"
    },
    "aws_api_gateway_integration_response_tfer--2dr3wn94t1-002F-f3b1vg-002F-POST-002F-200_id": {
      "value": "2dr3wn94t1/f3b1vg/POST/200",
      "type": "string"
    },
    "aws_api_gateway_integration_response_tfer--2dr3wn94t1-002F-fb2z28-002F-OPTIONS-002F-200_id": {
      "value": "2dr3wn94t1/fb2z28/OPTIONS/200",
      "type": "string"
    },
    "aws_api_gateway_integration_response_tfer--2dr3wn94t1-002F-fb2z28-002F-POST-002F-200_id": {
      "value": "2dr3wn94t1/fb2z28/POST/200",
      "type": "string"
    },
    "aws_api_gateway_integration_response_tfer--2dr3wn94t1-002F-iaf58g-002F-OPTIONS-002F-200_id": {
      "value": "2dr3wn94t1/iaf58g/OPTIONS/200",
      "type": "string"
    },
    "aws_api_gateway_integration_response_tfer--2dr3wn94t1-002F-iaf58g-002F-POST-002F-200_id": {
      "value": "2dr3wn94t1/iaf58g/POST/200",
      "type": "string"
    },
    "aws_api_gateway_integration_response_tfer--2dr3wn94t1-002F-k7mfer-002F-OPTIONS-002F-200_id": {
      "value": "2dr3wn94t1/k7mfer/OPTIONS/200",
      "type": "string"
    },
    "aws_api_gateway_integration_response_tfer--2dr3wn94t1-002F-k7mfer-002F-POST-002F-200_id": {
      "value": "2dr3wn94t1/k7mfer/POST/200",
      "type": "string"
    },
    "aws_api_gateway_integration_response_tfer--2dr3wn94t1-002F-odri5q-002F-OPTIONS-002F-200_id": {
      "value": "2dr3wn94t1/odri5q/OPTIONS/200",
      "type": "string"
    },
    "aws_api_gateway_integration_response_tfer--2dr3wn94t1-002F-odri5q-002F-POST-002F-200_id": {
      "value": "2dr3wn94t1/odri5q/POST/200",
      "type": "string"
    },
    "aws_api_gateway_integration_tfer--2dr3wn94t1-002F-6sv64a-002F-OPTIONS_id": {
      "value": "2dr3wn94t1/6sv64a/OPTIONS",
      "type": "string"
    },
    "aws_api_gateway_integration_tfer--2dr3wn94t1-002F-6sv64a-002F-POST_id": {
      "value": "2dr3wn94t1/6sv64a/POST",
      "type": "string"
    },
    "aws_api_gateway_integration_tfer--2dr3wn94t1-002F-f3b1vg-002F-OPTIONS_id": {
      "value": "2dr3wn94t1/f3b1vg/OPTIONS",
      "type": "string"
    },
    "aws_api_gateway_integration_tfer--2dr3wn94t1-002F-f3b1vg-002F-POST_id": {
      "value": "2dr3wn94t1/f3b1vg/POST",
      "type": "string"
    },
    "aws_api_gateway_integration_tfer--2dr3wn94t1-002F-fb2z28-002F-OPTIONS_id": {
      "value": "2dr3wn94t1/fb2z28/OPTIONS",
      "type": "string"
    },
    "aws_api_gateway_integration_tfer--2dr3wn94t1-002F-fb2z28-002F-POST_id": {
      "value": "2dr3wn94t1/fb2z28/POST",
      "type": "string"
    },
    "aws_api_gateway_integration_tfer--2dr3wn94t1-002F-iaf58g-002F-OPTIONS_id": {
      "value": "2dr3wn94t1/iaf58g/OPTIONS",
      "type": "string"
    },
    "aws_api_gateway_integration_tfer--2dr3wn94t1-002F-iaf58g-002F-POST_id": {
      "value": "2dr3wn94t1/iaf58g/POST",
      "type": "string"
    },
    "aws_api_gateway_integration_tfer--2dr3wn94t1-002F-k7mfer-002F-OPTIONS_id": {
      "value": "2dr3wn94t1/k7mfer/OPTIONS",
      "type": "string"
    },
    "aws_api_gateway_integration_tfer--2dr3wn94t1-002F-k7mfer-002F-POST_id": {
      "value": "2dr3wn94t1/k7mfer/POST",
      "type": "string"
    },
    "aws_api_gateway_integration_tfer--2dr3wn94t1-002F-odri5q-002F-OPTIONS_id": {
      "value": "2dr3wn94t1/odri5q/OPTIONS",
      "type": "string"
    },
    "aws_api_gateway_integration_tfer--2dr3wn94t1-002F-odri5q-002F-POST_id": {
      "value": "2dr3wn94t1/odri5q/POST",
      "type": "string"
    },
    "aws_api_gateway_method_response_tfer--2dr3wn94t1-002F-6sv64a-002F-OPTIONS-002F-200_id": {
      "value": "2dr3wn94t1/6sv64a/OPTIONS/200",
      "type": "string"
    },
    "aws_api_gateway_method_response_tfer--2dr3wn94t1-002F-6sv64a-002F-POST-002F-200_id": {
      "value": "2dr3wn94t1/6sv64a/POST/200",
      "type": "string"
    },
    "aws_api_gateway_method_response_tfer--2dr3wn94t1-002F-f3b1vg-002F-OPTIONS-002F-200_id": {
      "value": "2dr3wn94t1/f3b1vg/OPTIONS/200",
      "type": "string"
    },
    "aws_api_gateway_method_response_tfer--2dr3wn94t1-002F-f3b1vg-002F-POST-002F-200_id": {
      "value": "2dr3wn94t1/f3b1vg/POST/200",
      "type": "string"
    },
    "aws_api_gateway_method_response_tfer--2dr3wn94t1-002F-f3b1vg-002F-POST-002F-400_id": {
      "value": "2dr3wn94t1/f3b1vg/POST/400",
      "type": "string"
    },
    "aws_api_gateway_method_response_tfer--2dr3wn94t1-002F-f3b1vg-002F-POST-002F-500_id": {
      "value": "2dr3wn94t1/f3b1vg/POST/500",
      "type": "string"
    },
    "aws_api_gateway_method_response_tfer--2dr3wn94t1-002F-fb2z28-002F-OPTIONS-002F-200_id": {
      "value": "2dr3wn94t1/fb2z28/OPTIONS/200",
      "type": "string"
    },
    "aws_api_gateway_method_response_tfer--2dr3wn94t1-002F-fb2z28-002F-POST-002F-200_id": {
      "value": "2dr3wn94t1/fb2z28/POST/200",
      "type": "string"
    },
    "aws_api_gateway_method_response_tfer--2dr3wn94t1-002F-fb2z28-002F-POST-002F-400_id": {
      "value": "2dr3wn94t1/fb2z28/POST/400",
      "type": "string"
    },
    "aws_api_gateway_method_response_tfer--2dr3wn94t1-002F-fb2z28-002F-POST-002F-404_id": {
      "value": "2dr3wn94t1/fb2z28/POST/404",
      "type": "string"
    },
    "aws_api_gateway_method_response_tfer--2dr3wn94t1-002F-fb2z28-002F-POST-002F-500_id": {
      "value": "2dr3wn94t1/fb2z28/POST/500",
      "type": "string"
    },
    "aws_api_gateway_method_response_tfer--2dr3wn94t1-002F-iaf58g-002F-OPTIONS-002F-200_id": {
      "value": "2dr3wn94t1/iaf58g/OPTIONS/200",
      "type": "string"
    },
    "aws_api_gateway_method_response_tfer--2dr3wn94t1-002F-iaf58g-002F-POST-002F-200_id": {
      "value": "2dr3wn94t1/iaf58g/POST/200",
      "type": "string"
    },
    "aws_api_gateway_method_response_tfer--2dr3wn94t1-002F-k7mfer-002F-OPTIONS-002F-200_id": {
      "value": "2dr3wn94t1/k7mfer/OPTIONS/200",
      "type": "string"
    },
    "aws_api_gateway_method_response_tfer--2dr3wn94t1-002F-k7mfer-002F-POST-002F-200_id": {
      "value": "2dr3wn94t1/k7mfer/POST/200",
      "type": "string"
    },
    "aws_api_gateway_method_response_tfer--2dr3wn94t1-002F-odri5q-002F-OPTIONS-002F-200_id": {
      "value": "2dr3wn94t1/odri5q/OPTIONS/200",
      "type": "string"
    },
    "aws_api_gateway_method_response_tfer--2dr3wn94t1-002F-odri5q-002F-POST-002F-200_id": {
      "value": "2dr3wn94t1/odri5q/POST/200",
      "type": "string"
    },
    "aws_api_gateway_method_tfer--2dr3wn94t1-002F-6sv64a-002F-OPTIONS_id": {
      "value": "2dr3wn94t1/6sv64a/OPTIONS",
      "type": "string"
    },
    "aws_api_gateway_method_tfer--2dr3wn94t1-002F-6sv64a-002F-POST_id": {
      "value": "2dr3wn94t1/6sv64a/POST",
      "type": "string"
    },
    "aws_api_gateway_method_tfer--2dr3wn94t1-002F-f3b1vg-002F-OPTIONS_id": {
      "value": "2dr3wn94t1/f3b1vg/OPTIONS",
      "type": "string"
    },
    "aws_api_gateway_method_tfer--2dr3wn94t1-002F-f3b1vg-002F-POST_id": {
      "value": "2dr3wn94t1/f3b1vg/POST",
      "type": "string"
    },
    "aws_api_gateway_method_tfer--2dr3wn94t1-002F-fb2z28-002F-OPTIONS_id": {
      "value": "2dr3wn94t1/fb2z28/OPTIONS",
      "type": "string"
    },
    "aws_api_gateway_method_tfer--2dr3wn94t1-002F-fb2z28-002F-POST_id": {
      "value": "2dr3wn94t1/fb2z28/POST",
      "type": "string"
    },
    "aws_api_gateway_method_tfer--2dr3wn94t1-002F-iaf58g-002F-OPTIONS_id": {
      "value": "2dr3wn94t1/iaf58g/OPTIONS",
      "type": "string"
    },
    "aws_api_gateway_method_tfer--2dr3wn94t1-002F-iaf58g-002F-POST_id": {
      "value": "2dr3wn94t1/iaf58g/POST",
      "type": "string"
    },
    "aws_api_gateway_method_tfer--2dr3wn94t1-002F-k7mfer-002F-OPTIONS_id": {
      "value": "2dr3wn94t1/k7mfer/OPTIONS",
      "type": "string"
    },
    "aws_api_gateway_method_tfer--2dr3wn94t1-002F-k7mfer-002F-POST_id": {
      "value": "2dr3wn94t1/k7mfer/POST",
      "type": "string"
    },
    "aws_api_gateway_method_tfer--2dr3wn94t1-002F-odri5q-002F-OPTIONS_id": {
      "value": "2dr3wn94t1/odri5q/OPTIONS",
      "type": "string"
    },
    "aws_api_gateway_method_tfer--2dr3wn94t1-002F-odri5q-002F-POST_id": {
      "value": "2dr3wn94t1/odri5q/POST",
      "type": "string"
    },
    "aws_api_gateway_model_tfer--c4oqz0_id": {
      "value": "c4oqz0",
      "type": "string"
    },
    "aws_api_gateway_model_tfer--fojcvc_id": {
      "value": "fojcvc",
      "type": "string"
    },
    "aws_api_gateway_model_tfer--fvqdc0_id": {
      "value": "fvqdc0",
      "type": "string"
    },
    "aws_api_gateway_model_tfer--n9x10d_id": {
      "value": "n9x10d",
      "type": "string"
    },
    "aws_api_gateway_model_tfer--oimt49_id": {
      "value": "oimt49",
      "type": "string"
    },
    "aws_api_gateway_model_tfer--ylb482_id": {
      "value": "ylb482",
      "type": "string"
    },
    "aws_api_gateway_resource_tfer--6sv64a_id": {
      "value": "6sv64a",
      "type": "string"
    },
    "aws_api_gateway_resource_tfer--c2bz5679xj_id": {
      "value": "c2bz5679xj",
      "type": "string"
    },
    "aws_api_gateway_resource_tfer--f3b1vg_id": {
      "value": "f3b1vg",
      "type": "string"
    },
    "aws_api_gateway_resource_tfer--fb2z28_id": {
      "value": "fb2z28",
      "type": "string"
    },
    "aws_api_gateway_resource_tfer--iaf58g_id": {
      "value": "iaf58g",
      "type": "string"
    },
    "aws_api_gateway_resource_tfer--k7mfer_id": {
      "value": "k7mfer",
      "type": "string"
    },
    "aws_api_gateway_resource_tfer--odri5q_id": {
      "value": "odri5q",
      "type": "string"
    },
    "aws_api_gateway_rest_api_tfer--2dr3wn94t1_multitenantdb-test_id": {
      "value": "2dr3wn94t1",
      "type": "string"
    },
    "aws_api_gateway_stage_tfer--2dr3wn94t1-002F-dev_id": {
      "value": "2dr3wn94t1/dev",
      "type": "string"
    },
    "aws_api_gateway_stage_tfer--2dr3wn94t1-002F-test_v1_id": {
      "value": "2dr3wn94t1/test_v1",
      "type": "string"
    },
    "aws_api_gateway_stage_tfer--2dr3wn94t1-002F-utkarsh_stage_id": {
      "value": "2dr3wn94t1/utkarsh_stage",
      "type": "string"
    }
  },
  "resources": [
    {
      "mode": "managed",
      "type": "aws_api_gateway_authorizer",
      "name": "tfer--0w9k5i",
      "provider": "provider[\"registry.terraform.io/hashicorp/aws\"]",
      "instances": [
        {
          "schema_version": 0,
          "attributes_flat": {
            "arn": "arn:aws:apigateway:us-east-2::/restapis/2dr3wn94t1/authorizers/0w9k5i",
            "authorizer_credentials": "",
            "authorizer_result_ttl_in_seconds": "0",
            "authorizer_uri": "arn:aws:apigateway:us-east-2:lambda:path/2015-03-31/functions/arn:aws:lambda:us-east-2:571600864139:function:authHandler/invocations",
            "id": "0w9k5i",
            "identity_source": "method.request.header.authToken",
            "identity_validation_expression": "",
            "name": "LF0",
            "provider_arns.#": "0",
            "rest_api_id": "2dr3wn94t1",
            "type": "TOKEN"
          },
          "sensitive_attributes": []
        }
      ]
    },
    {
      "mode": "managed",
      "type": "aws_api_gateway_documentation_part",
      "name": "tfer--2dr3wn94t1-002F-114yz8",
      "provider": "provider[\"registry.terraform.io/hashicorp/aws\"]",
      "instances": [
        {
          "schema_version": 0,
          "attributes_flat": {
            "documentation_part_id": "114yz8",
            "id": "2dr3wn94t1/114yz8",
            "location.#": "1",
            "location.0.method": "",
            "location.0.name": "MODEL9d1f09.TableId",
            "location.0.path": "",
            "location.0.status_code": "",
            "location.0.type": "MODEL",
            "properties": "{\n  \"description\" : \"ID of the table (required for table-related actions)\"\n}",
            "rest_api_id": "2dr3wn94t1"
          },
          "sensitive_attributes": []
        }
      ]
    },
    {
      "mode": "managed",
      "type": "aws_api_gateway_documentation_part",
      "name": "tfer--2dr3wn94t1-002F-35z34c",
      "provider": "provider[\"registry.terraform.io/hashicorp/aws\"]",
      "instances": [
        {
          "schema_version": 0,
          "attributes_flat": {
            "documentation_part_id": "35z34c",
            "id": "2dr3wn94t1/35z34c",
            "location.#": "1",
            "location.0.method": "POST",
            "location.0.name": "",
            "location.0.path": "/dashboard",
            "location.0.status_code": "404",
            "location.0.type": "RESPONSE",
            "properties": "{\n  \"description\" : \"404 response\"\n}",
            "rest_api_id": "2dr3wn94t1"
          },
          "sensitive_attributes": []
        }
      ]
    },
    {
      "mode": "managed",
      "type": "aws_api_gateway_documentation_part",
      "name": "tfer--2dr3wn94t1-002F-4irl2i",
      "provider": "provider[\"registry.terraform.io/hashicorp/aws\"]",
      "instances": [
        {
          "schema_version": 0,
          "attributes_flat": {
            "documentation_part_id": "4irl2i",
            "id": "2dr3wn94t1/4irl2i",
            "location.#": "1",
            "location.0.method": "",
            "location.0.name": "MODEL5a0976.query",
            "location.0.path": "",
            "location.0.status_code": "",
            "location.0.type": "MODEL",
            "properties": "{\n  \"description\" : \"SQL query to execute.\"\n}",
            "rest_api_id": "2dr3wn94t1"
          },
          "sensitive_attributes": []
        }
      ]
    },
    {
      "mode": "managed",
      "type": "aws_api_gateway_documentation_part",
      "name": "tfer--2dr3wn94t1-002F-689did",
      "provider": "provider[\"registry.terraform.io/hashicorp/aws\"]",
      "instances": [
        {
          "schema_version": 0,
          "attributes_flat": {
            "documentation_part_id": "689did",
            "id": "2dr3wn94t1/689did",
            "location.#": "1",
            "location.0.method": "",
            "location.0.name": "",
            "location.0.path": "",
            "location.0.status_code": "",
            "location.0.type": "API",
            "properties": "{\n  \"info\" : {\n    \"description\" : \"API for querying user, database, and table details.\"\n  }\n}",
            "rest_api_id": "2dr3wn94t1"
          },
          "sensitive_attributes": []
        }
      ]
    },
    {
      "mode": "managed",
      "type": "aws_api_gateway_documentation_part",
      "name": "tfer--2dr3wn94t1-002F-6jvgss",
      "provider": "provider[\"registry.terraform.io/hashicorp/aws\"]",
      "instances": [
        {
          "schema_version": 0,
          "attributes_flat": {
            "documentation_part_id": "6jvgss",
            "id": "2dr3wn94t1/6jvgss",
            "location.#": "1",
            "location.0.method": "",
            "location.0.name": "MODEL9d1f09.action",
            "location.0.path": "",
            "location.0.status_code": "",
            "location.0.type": "MODEL",
            "properties": "{\n  \"description\" : \"Action to perform (e.g., get_user_info, get_user_databases, etc.)\"\n}",
            "rest_api_id": "2dr3wn94t1"
          },
          "sensitive_attributes": []
        }
      ]
    },
    {
      "mode": "managed",
      "type": "aws_api_gateway_documentation_part",
      "name": "tfer--2dr3wn94t1-002F-dxfcr6",
      "provider": "provider[\"registry.terraform.io/hashicorp/aws\"]",
      "instances": [
        {
          "schema_version": 0,
          "attributes_flat": {
            "documentation_part_id": "dxfcr6",
            "id": "2dr3wn94t1/dxfcr6",
            "location.#": "1",
            "location.0.method": "POST",
            "location.0.name": "",
            "location.0.path": "/dashboard",
            "location.0.status_code": "500",
            "location.0.type": "RESPONSE",
            "properties": "{\n  \"description\" : \"500 response\"\n}",
            "rest_api_id": "2dr3wn94t1"
          },
          "sensitive_attributes": []
        }
      ]
    },
    {
      "mode": "managed",
      "type": "aws_api_gateway_documentation_part",
      "name": "tfer--2dr3wn94t1-002F-eyz0so",
      "provider": "provider[\"registry.terraform.io/hashicorp/aws\"]",
      "instances": [
        {
          "schema_version": 0,
          "attributes_flat": {
            "documentation_part_id": "eyz0so",
            "id": "2dr3wn94t1/eyz0so",
            "location.#": "1",
            "location.0.method": "POST",
            "location.0.name": "",
            "location.0.path": "/dashboard",
            "location.0.status_code": "400",
            "location.0.type": "RESPONSE",
            "properties": "{\n  \"description\" : \"400 response\"\n}",
            "rest_api_id": "2dr3wn94t1"
          },
          "sensitive_attributes": []
        }
      ]
    },
    {
      "mode": "managed",
      "type": "aws_api_gateway_documentation_part",
      "name": "tfer--2dr3wn94t1-002F-gr2hfe",
      "provider": "provider[\"registry.terraform.io/hashicorp/aws\"]",
      "instances": [
        {
          "schema_version": 0,
          "attributes_flat": {
            "documentation_part_id": "gr2hfe",
            "id": "2dr3wn94t1/gr2hfe",
            "location.#": "1",
            "location.0.method": "POST",
            "location.0.name": "",
            "location.0.path": "/dashboard",
            "location.0.status_code": "200",
            "location.0.type": "RESPONSE",
            "properties": "{\n  \"description\" : \"200 response\"\n}",
            "rest_api_id": "2dr3wn94t1"
          },
          "sensitive_attributes": []
        }
      ]
    },
    {
      "mode": "managed",
      "type": "aws_api_gateway_documentation_part",
      "name": "tfer--2dr3wn94t1-002F-gtjoxh",
      "provider": "provider[\"registry.terraform.io/hashicorp/aws\"]",
      "instances": [
        {
          "schema_version": 0,
          "attributes_flat": {
            "documentation_part_id": "gtjoxh",
            "id": "2dr3wn94t1/gtjoxh",
            "location.#": "1",
            "location.0.method": "POST",
            "location.0.name": "",
            "location.0.path": "/query",
            "location.0.status_code": "200",
            "location.0.type": "RESPONSE",
            "properties": "{\n  \"description\" : \"200 response\"\n}",
            "rest_api_id": "2dr3wn94t1"
          },
          "sensitive_attributes": []
        }
      ]
    },
    {
      "mode": "managed",
      "type": "aws_api_gateway_documentation_part",
      "name": "tfer--2dr3wn94t1-002F-gv0rz5",
      "provider": "provider[\"registry.terraform.io/hashicorp/aws\"]",
      "instances": [
        {
          "schema_version": 0,
          "attributes_flat": {
            "documentation_part_id": "gv0rz5",
            "id": "2dr3wn94t1/gv0rz5",
            "location.#": "1",
            "location.0.method": "POST",
            "location.0.name": "",
            "location.0.path": "/query",
            "location.0.status_code": "500",
            "location.0.type": "RESPONSE",
            "properties": "{\n  \"description\" : \"500 response\"\n}",
            "rest_api_id": "2dr3wn94t1"
          },
          "sensitive_attributes": []
        }
      ]
    },
    {
      "mode": "managed",
      "type": "aws_api_gateway_documentation_part",
      "name": "tfer--2dr3wn94t1-002F-hj28bc",
      "provider": "provider[\"registry.terraform.io/hashicorp/aws\"]",
      "instances": [
        {
          "schema_version": 0,
          "attributes_flat": {
            "documentation_part_id": "hj28bc",
            "id": "2dr3wn94t1/hj28bc",
            "location.#": "1",
            "location.0.method": "POST",
            "location.0.name": "",
            "location.0.path": "/query",
            "location.0.status_code": "400",
            "location.0.type": "RESPONSE",
            "properties": "{\n  \"description\" : \"400 response\"\n}",
            "rest_api_id": "2dr3wn94t1"
          },
          "sensitive_attributes": []
        }
      ]
    },
    {
      "mode": "managed",
      "type": "aws_api_gateway_documentation_part",
      "name": "tfer--2dr3wn94t1-002F-j50v8d",
      "provider": "provider[\"registry.terraform.io/hashicorp/aws\"]",
      "instances": [
        {
          "schema_version": 0,
          "attributes_flat": {
            "documentation_part_id": "j50v8d",
            "id": "2dr3wn94t1/j50v8d",
            "location.#": "1",
            "location.0.method": "",
            "location.0.name": "MODEL9d1f09.UserId",
            "location.0.path": "",
            "location.0.status_code": "",
            "location.0.type": "MODEL",
            "properties": "{\n  \"description\" : \"ID of the user (required for user-related actions)\"\n}",
            "rest_api_id": "2dr3wn94t1"
          },
          "sensitive_attributes": []
        }
      ]
    },
    {
      "mode": "managed",
      "type": "aws_api_gateway_documentation_part",
      "name": "tfer--2dr3wn94t1-002F-jz8ua3",
      "provider": "provider[\"registry.terraform.io/hashicorp/aws\"]",
      "instances": [
        {
          "schema_version": 0,
          "attributes_flat": {
            "documentation_part_id": "jz8ua3",
            "id": "2dr3wn94t1/jz8ua3",
            "location.#": "1",
            "location.0.method": "",
            "location.0.name": "MODEL5a0976.fileName",
            "location.0.path": "",
            "location.0.status_code": "",
            "location.0.type": "MODEL",
            "properties": "{\n  \"description\" : \"Name of the SQLite file to query.\"\n}",
            "rest_api_id": "2dr3wn94t1"
          },
          "sensitive_attributes": []
        }
      ]
    },
    {
      "mode": "managed",
      "type": "aws_api_gateway_documentation_part",
      "name": "tfer--2dr3wn94t1-002F-p8q9jj",
      "provider": "provider[\"registry.terraform.io/hashicorp/aws\"]",
      "instances": [
        {
          "schema_version": 0,
          "attributes_flat": {
            "documentation_part_id": "p8q9jj",
            "id": "2dr3wn94t1/p8q9jj",
            "location.#": "1",
            "location.0.method": "",
            "location.0.name": "MODEL604713.body",
            "location.0.path": "",
            "location.0.status_code": "",
            "location.0.type": "MODEL",
            "properties": "{\n  \"description\" : \"Operation result\"\n}",
            "rest_api_id": "2dr3wn94t1"
          },
          "sensitive_attributes": []
        }
      ]
    },
    {
      "mode": "managed",
      "type": "aws_api_gateway_documentation_part",
      "name": "tfer--2dr3wn94t1-002F-rrxasi",
      "provider": "provider[\"registry.terraform.io/hashicorp/aws\"]",
      "instances": [
        {
          "schema_version": 0,
          "attributes_flat": {
            "documentation_part_id": "rrxasi",
            "id": "2dr3wn94t1/rrxasi",
            "location.#": "1",
            "location.0.method": "",
            "location.0.name": "MODEL9d1f09.Db_id",
            "location.0.path": "",
            "location.0.status_code": "",
            "location.0.type": "MODEL",
            "properties": "{\n  \"description\" : \"ID of the database (required for database-related actions)\"\n}",
            "rest_api_id": "2dr3wn94t1"
          },
          "sensitive_attributes": []
        }
      ]
    },
    {
      "mode": "managed",
      "type": "aws_api_gateway_gateway_response",
      "name": "tfer--2dr3wn94t1-002F-DEFAULT_4XX",
      "provider": "provider[\"registry.terraform.io/hashicorp/aws\"]",
      "instances": [
        {
          "schema_version": 0,
          "attributes_flat": {
            "id": "2dr3wn94t1/DEFAULT_4XX",
            "response_parameters.%": "3",
            "response_parameters.gatewayresponse.header.Access-Control-Allow-Headers": "'Content-Type,X-Amz-Date,Authorization,X-Api-Key,X-Amz-Security-Token'",
            "response_parameters.gatewayresponse.header.Access-Control-Allow-Methods": "'OPTIONS,POST'",
            "response_parameters.gatewayresponse.header.Access-Control-Allow-Origin": "'*'",
            "response_templates.%": "1",
            "response_templates.application/json": "{\"message\":$context.error.messageString}",
            "response_type": "DEFAULT_4XX",
            "rest_api_id": "2dr3wn94t1",
            "status_code": ""
          },
          "sensitive_attributes": []
        }
      ]
    },
    {
      "mode": "managed",
      "type": "aws_api_gateway_gateway_response",
      "name": "tfer--2dr3wn94t1-002F-DEFAULT_5XX",
      "provider": "provider[\"registry.terraform.io/hashicorp/aws\"]",
      "instances": [
        {
          "schema_version": 0,
          "attributes_flat": {
            "id": "2dr3wn94t1/DEFAULT_5XX",
            "response_parameters.%": "3",
            "response_parameters.gatewayresponse.header.Access-Control-Allow-Headers": "'Content-Type,X-Amz-Date,Authorization,X-Api-Key,X-Amz-Security-Token'",
            "response_parameters.gatewayresponse.header.Access-Control-Allow-Methods": "'OPTIONS,POST'",
            "response_parameters.gatewayresponse.header.Access-Control-Allow-Origin": "'*'",
            "response_templates.%": "1",
            "response_templates.application/json": "{\"message\":$context.error.messageString}",
            "response_type": "DEFAULT_5XX",
            "rest_api_id": "2dr3wn94t1",
            "status_code": ""
          },
          "sensitive_attributes": []
        }
      ]
    },
    {
      "mode": "managed",
      "type": "aws_api_gateway_integration",
      "name": "tfer--2dr3wn94t1-002F-6sv64a-002F-OPTIONS",
      "provider": "provider[\"registry.terraform.io/hashicorp/aws\"]",
      "instances": [
        {
          "schema_version": 0,
          "attributes_flat": {
            "cache_key_parameters.#": "0",
            "cache_namespace": "6sv64a",
            "connection_id": "",
            "connection_type": "INTERNET",
            "content_handling": "",
            "credentials": "",
            "http_method": "OPTIONS",
            "id": "2dr3wn94t1/6sv64a/OPTIONS",
            "integration_http_method": "",
            "passthrough_behavior": "WHEN_NO_MATCH",
            "request_parameters.%": "0",
            "request_templates.%": "1",
            "request_templates.application/json": "{\"statusCode\": 200}",
            "resource_id": "6sv64a",
            "rest_api_id": "2dr3wn94t1",
            "timeout_milliseconds": "29000",
            "tls_config.#": "0",
            "type": "MOCK",
            "uri": ""
          },
          "sensitive_attributes": []
        }
      ]
    },
    {
      "mode": "managed",
      "type": "aws_api_gateway_integration",
      "name": "tfer--2dr3wn94t1-002F-6sv64a-002F-POST",
      "provider": "provider[\"registry.terraform.io/hashicorp/aws\"]",
      "instances": [
        {
          "schema_version": 0,
          "attributes_flat": {
            "cache_key_parameters.#": "0",
            "cache_namespace": "6sv64a",
            "connection_id": "",
            "connection_type": "INTERNET",
            "content_handling": "CONVERT_TO_TEXT",
            "credentials": "",
            "http_method": "POST",
            "id": "2dr3wn94t1/6sv64a/POST",
            "integration_http_method": "POST",
            "passthrough_behavior": "WHEN_NO_MATCH",
            "request_parameters.%": "0",
            "request_templates.%": "0",
            "resource_id": "6sv64a",
            "rest_api_id": "2dr3wn94t1",
            "timeout_milliseconds": "29000",
            "tls_config.#": "0",
            "type": "AWS",
            "uri": "arn:aws:apigateway:us-east-2:lambda:path/2015-03-31/functions/arn:aws:lambda:us-east-2:571600864139:function:testFunction/invocations"
          },
          "sensitive_attributes": []
        }
      ]
    },
    {
      "mode": "managed",
      "type": "aws_api_gateway_integration",
      "name": "tfer--2dr3wn94t1-002F-f3b1vg-002F-OPTIONS",
      "provider": "provider[\"registry.terraform.io/hashicorp/aws\"]",
      "instances": [
        {
          "schema_version": 0,
          "attributes_flat": {
            "cache_key_parameters.#": "0",
            "cache_namespace": "f3b1vg",
            "connection_id": "",
            "connection_type": "INTERNET",
            "content_handling": "",
            "credentials": "",
            "http_method": "OPTIONS",
            "id": "2dr3wn94t1/f3b1vg/OPTIONS",
            "integration_http_method": "",
            "passthrough_behavior": "WHEN_NO_MATCH",
            "request_parameters.%": "0",
            "request_templates.%": "1",
            "request_templates.application/json": "{\"statusCode\": 200}",
            "resource_id": "f3b1vg",
            "rest_api_id": "2dr3wn94t1",
            "timeout_milliseconds": "29000",
            "tls_config.#": "0",
            "type": "MOCK",
            "uri": ""
          },
          "sensitive_attributes": []
        }
      ]
    },
    {
      "mode": "managed",
      "type": "aws_api_gateway_integration",
      "name": "tfer--2dr3wn94t1-002F-f3b1vg-002F-POST",
      "provider": "provider[\"registry.terraform.io/hashicorp/aws\"]",
      "instances": [
        {
          "schema_version": 0,
          "attributes_flat": {
            "cache_key_parameters.#": "0",
            "cache_namespace": "f3b1vg",
            "connection_id": "",
            "connection_type": "INTERNET",
            "content_handling": "CONVERT_TO_TEXT",
            "credentials": "",
            "http_method": "POST",
            "id": "2dr3wn94t1/f3b1vg/POST",
            "integration_http_method": "POST",
            "passthrough_behavior": "WHEN_NO_MATCH",
            "request_parameters.%": "0",
            "request_templates.%": "0",
            "resource_id": "f3b1vg",
            "rest_api_id": "2dr3wn94t1",
            "timeout_milliseconds": "29000",
            "tls_config.#": "0",
            "type": "AWS_PROXY",
            "uri": "arn:aws:apigateway:us-east-2:lambda:path/2015-03-31/functions/arn:aws:lambda:us-east-2:571600864139:function:handleQuery/invocations"
          },
          "sensitive_attributes": []
        }
      ]
    },
    {
      "mode": "managed",
      "type": "aws_api_gateway_integration",
      "name": "tfer--2dr3wn94t1-002F-fb2z28-002F-OPTIONS",
      "provider": "provider[\"registry.terraform.io/hashicorp/aws\"]",
      "instances": [
        {
          "schema_version": 0,
          "attributes_flat": {
            "cache_key_parameters.#": "0",
            "cache_namespace": "fb2z28",
            "connection_id": "",
            "connection_type": "INTERNET",
            "content_handling": "",
            "credentials": "",
            "http_method": "OPTIONS",
            "id": "2dr3wn94t1/fb2z28/OPTIONS",
            "integration_http_method": "",
            "passthrough_behavior": "WHEN_NO_MATCH",
            "request_parameters.%": "0",
            "request_templates.%": "1",
            "request_templates.application/json": "{\"statusCode\": 200}",
            "resource_id": "fb2z28",
            "rest_api_id": "2dr3wn94t1",
            "timeout_milliseconds": "29000",
            "tls_config.#": "0",
            "type": "MOCK",
            "uri": ""
          },
          "sensitive_attributes": []
        }
      ]
    },
    {
      "mode": "managed",
      "type": "aws_api_gateway_integration",
      "name": "tfer--2dr3wn94t1-002F-fb2z28-002F-POST",
      "provider": "provider[\"registry.terraform.io/hashicorp/aws\"]",
      "instances": [
        {
          "schema_version": 0,
          "attributes_flat": {
            "cache_key_parameters.#": "0",
            "cache_namespace": "fb2z28",
            "connection_id": "",
            "connection_type": "INTERNET",
            "content_handling": "CONVERT_TO_TEXT",
            "credentials": "",
            "http_method": "POST",
            "id": "2dr3wn94t1/fb2z28/POST",
            "integration_http_method": "POST",
            "passthrough_behavior": "WHEN_NO_MATCH",
            "request_parameters.%": "0",
            "request_templates.%": "0",
            "resource_id": "fb2z28",
            "rest_api_id": "2dr3wn94t1",
            "timeout_milliseconds": "29000",
            "tls_config.#": "0",
            "type": "AWS_PROXY",
            "uri": "arn:aws:apigateway:us-east-2:lambda:path/2015-03-31/functions/arn:aws:lambda:us-east-2:571600864139:function:dashboard/invocations"
          },
          "sensitive_attributes": []
        }
      ]
    },
    {
      "mode": "managed",
      "type": "aws_api_gateway_integration",
      "name": "tfer--2dr3wn94t1-002F-iaf58g-002F-OPTIONS",
      "provider": "provider[\"registry.terraform.io/hashicorp/aws\"]",
      "instances": [
        {
          "schema_version": 0,
          "attributes_flat": {
            "cache_key_parameters.#": "0",
            "cache_namespace": "iaf58g",
            "connection_id": "",
            "connection_type": "INTERNET",
            "content_handling": "",
            "credentials": "",
            "http_method": "OPTIONS",
            "id": "2dr3wn94t1/iaf58g/OPTIONS",
            "integration_http_method": "",
            "passthrough_behavior": "WHEN_NO_MATCH",
            "request_parameters.%": "0",
            "request_templates.%": "1",
            "request_templates.application/json": "{\"statusCode\": 200}",
            "resource_id": "iaf58g",
            "rest_api_id": "2dr3wn94t1",
            "timeout_milliseconds": "29000",
            "tls_config.#": "0",
            "type": "MOCK",
            "uri": ""
          },
          "sensitive_attributes": []
        }
      ]
    },
    {
      "mode": "managed",
      "type": "aws_api_gateway_integration",
      "name": "tfer--2dr3wn94t1-002F-iaf58g-002F-POST",
      "provider": "provider[\"registry.terraform.io/hashicorp/aws\"]",
      "instances": [
        {
          "schema_version": 0,
          "attributes_flat": {
            "cache_key_parameters.#": "0",
            "cache_namespace": "iaf58g",
            "connection_id": "",
            "connection_type": "INTERNET",
            "content_handling": "CONVERT_TO_TEXT",
            "credentials": "",
            "http_method": "POST",
            "id": "2dr3wn94t1/iaf58g/POST",
            "integration_http_method": "POST",
            "passthrough_behavior": "WHEN_NO_MATCH",
            "request_parameters.%": "0",
            "request_templates.%": "0",
            "resource_id": "iaf58g",
            "rest_api_id": "2dr3wn94t1",
            "timeout_milliseconds": "29000",
            "tls_config.#": "0",
            "type": "AWS",
            "uri": "arn:aws:apigateway:us-east-2:lambda:path/2015-03-31/functions/arn:aws:lambda:us-east-2:571600864139:function:generateUserTokens/invocations"
          },
          "sensitive_attributes": []
        }
      ]
    },
    {
      "mode": "managed",
      "type": "aws_api_gateway_integration",
      "name": "tfer--2dr3wn94t1-002F-k7mfer-002F-OPTIONS",
      "provider": "provider[\"registry.terraform.io/hashicorp/aws\"]",
      "instances": [
        {
          "schema_version": 0,
          "attributes_flat": {
            "cache_key_parameters.#": "0",
            "cache_namespace": "k7mfer",
            "connection_id": "",
            "connection_type": "INTERNET",
            "content_handling": "",
            "credentials": "",
            "http_method": "OPTIONS",
            "id": "2dr3wn94t1/k7mfer/OPTIONS",
            "integration_http_method": "",
            "passthrough_behavior": "WHEN_NO_MATCH",
            "request_parameters.%": "0",
            "request_templates.%": "1",
            "request_templates.application/json": "{\"statusCode\": 200}",
            "resource_id": "k7mfer",
            "rest_api_id": "2dr3wn94t1",
            "timeout_milliseconds": "29000",
            "tls_config.#": "0",
            "type": "MOCK",
            "uri": ""
          },
          "sensitive_attributes": []
        }
      ]
    },
    {
      "mode": "managed",
      "type": "aws_api_gateway_integration",
      "name": "tfer--2dr3wn94t1-002F-k7mfer-002F-POST",
      "provider": "provider[\"registry.terraform.io/hashicorp/aws\"]",
      "instances": [
        {
          "schema_version": 0,
          "attributes_flat": {
            "cache_key_parameters.#": "0",
            "cache_namespace": "k7mfer",
            "connection_id": "",
            "connection_type": "INTERNET",
            "content_handling": "CONVERT_TO_TEXT",
            "credentials": "",
            "http_method": "POST",
            "id": "2dr3wn94t1/k7mfer/POST",
            "integration_http_method": "POST",
            "passthrough_behavior": "WHEN_NO_MATCH",
            "request_parameters.%": "0",
            "request_templates.%": "0",
            "resource_id": "k7mfer",
            "rest_api_id": "2dr3wn94t1",
            "timeout_milliseconds": "29000",
            "tls_config.#": "0",
            "type": "AWS",
            "uri": "arn:aws:apigateway:us-east-2:lambda:path/2015-03-31/functions/arn:aws:lambda:us-east-2:571600864139:function:validateUser/invocations"
          },
          "sensitive_attributes": []
        }
      ]
    },
    {
      "mode": "managed",
      "type": "aws_api_gateway_integration",
      "name": "tfer--2dr3wn94t1-002F-odri5q-002F-OPTIONS",
      "provider": "provider[\"registry.terraform.io/hashicorp/aws\"]",
      "instances": [
        {
          "schema_version": 0,
          "attributes_flat": {
            "cache_key_parameters.#": "0",
            "cache_namespace": "odri5q",
            "connection_id": "",
            "connection_type": "INTERNET",
            "content_handling": "",
            "credentials": "",
            "http_method": "OPTIONS",
            "id": "2dr3wn94t1/odri5q/OPTIONS",
            "integration_http_method": "",
            "passthrough_behavior": "WHEN_NO_MATCH",
            "request_parameters.%": "0",
            "request_templates.%": "1",
            "request_templates.application/json": "{\"statusCode\": 200}",
            "resource_id": "odri5q",
            "rest_api_id": "2dr3wn94t1",
            "timeout_milliseconds": "29000",
            "tls_config.#": "0",
            "type": "MOCK",
            "uri": ""
          },
          "sensitive_attributes": []
        }
      ]
    },
    {
      "mode": "managed",
      "type": "aws_api_gateway_integration",
      "name": "tfer--2dr3wn94t1-002F-odri5q-002F-POST",
      "provider": "provider[\"registry.terraform.io/hashicorp/aws\"]",
      "instances": [
        {
          "schema_version": 0,
          "attributes_flat": {
            "cache_key_parameters.#": "0",
            "cache_namespace": "odri5q",
            "connection_id": "",
            "connection_type": "INTERNET",
            "content_handling": "CONVERT_TO_TEXT",
            "credentials": "",
            "http_method": "POST",
            "id": "2dr3wn94t1/odri5q/POST",
            "integration_http_method": "POST",
            "passthrough_behavior": "WHEN_NO_MATCH",
            "request_parameters.%": "0",
            "request_templates.%": "0",
            "resource_id": "odri5q",
            "rest_api_id": "2dr3wn94t1",
            "timeout_milliseconds": "29000",
            "tls_config.#": "0",
            "type": "AWS_PROXY",
            "uri": "arn:aws:apigateway:us-east-2:lambda:path/2015-03-31/functions/arn:aws:lambda:us-east-2:571600864139:function:M0/invocations"
          },
          "sensitive_attributes": []
        }
      ]
    },
    {
      "mode": "managed",
      "type": "aws_api_gateway_integration_response",
      "name": "tfer--2dr3wn94t1-002F-6sv64a-002F-OPTIONS-002F-200",
      "provider": "provider[\"registry.terraform.io/hashicorp/aws\"]",
      "instances": [
        {
          "schema_version": 0,
          "attributes_flat": {
            "content_handling": "",
            "http_method": "OPTIONS",
            "id": "2dr3wn94t1/6sv64a/OPTIONS/200",
            "resource_id": "6sv64a",
            "response_parameters.%": "3",
            "response_parameters.method.response.header.Access-Control-Allow-Headers": "'Content-Type,Authorization,X-Amz-Date,X-Api-Key,X-Amz-Security-Token'",
            "response_parameters.method.response.header.Access-Control-Allow-Methods": "'DELETE,GET,HEAD,OPTIONS,PATCH,POST,PUT'",
            "response_parameters.method.response.header.Access-Control-Allow-Origin": "'*'",
            "response_templates.%": "0",
            "rest_api_id": "2dr3wn94t1",
            "selection_pattern": "",
            "status_code": "200"
          },
          "sensitive_attributes": []
        }
      ]
    },
    {
      "mode": "managed",
      "type": "aws_api_gateway_integration_response",
      "name": "tfer--2dr3wn94t1-002F-6sv64a-002F-POST-002F-200",
      "provider": "provider[\"registry.terraform.io/hashicorp/aws\"]",
      "instances": [
        {
          "schema_version": 0,
          "attributes_flat": {
            "content_handling": "",
            "http_method": "POST",
            "id": "2dr3wn94t1/6sv64a/POST/200",
            "resource_id": "6sv64a",
            "response_parameters.%": "0",
            "response_templates.%": "1",
            "response_templates.application/json": "",
            "rest_api_id": "2dr3wn94t1",
            "selection_pattern": "",
            "status_code": "200"
          },
          "sensitive_attributes": []
        }
      ]
    },
    {
      "mode": "managed",
      "type": "aws_api_gateway_integration_response",
      "name": "tfer--2dr3wn94t1-002F-f3b1vg-002F-OPTIONS-002F-200",
      "provider": "provider[\"registry.terraform.io/hashicorp/aws\"]",
      "instances": [
        {
          "schema_version": 0,
          "attributes_flat": {
            "content_handling": "",
            "http_method": "OPTIONS",
            "id": "2dr3wn94t1/f3b1vg/OPTIONS/200",
            "resource_id": "f3b1vg",
            "response_parameters.%": "3",
            "response_parameters.method.response.header.Access-Control-Allow-Headers": "'Content-Type,X-Amz-Date,Authorization,X-Api-Key,X-Amz-Security-Token'",
            "response_parameters.method.response.header.Access-Control-Allow-Methods": "'OPTIONS,POST'",
            "response_parameters.method.response.header.Access-Control-Allow-Origin": "'*'",
            "response_templates.%": "0",
            "rest_api_id": "2dr3wn94t1",
            "selection_pattern": "",
            "status_code": "200"
          },
          "sensitive_attributes": []
        }
      ]
    },
    {
      "mode": "managed",
      "type": "aws_api_gateway_integration_response",
      "name": "tfer--2dr3wn94t1-002F-f3b1vg-002F-POST-002F-200",
      "provider": "provider[\"registry.terraform.io/hashicorp/aws\"]",
      "instances": [
        {
          "schema_version": 0,
          "attributes_flat": {
            "content_handling": "",
            "http_method": "POST",
            "id": "2dr3wn94t1/f3b1vg/POST/200",
            "resource_id": "f3b1vg",
            "response_parameters.%": "0",
            "response_templates.%": "1",
            "response_templates.application/json": "",
            "rest_api_id": "2dr3wn94t1",
            "selection_pattern": "",
            "status_code": "200"
          },
          "sensitive_attributes": []
        }
      ]
    },
    {
      "mode": "managed",
      "type": "aws_api_gateway_integration_response",
      "name": "tfer--2dr3wn94t1-002F-fb2z28-002F-OPTIONS-002F-200",
      "provider": "provider[\"registry.terraform.io/hashicorp/aws\"]",
      "instances": [
        {
          "schema_version": 0,
          "attributes_flat": {
            "content_handling": "",
            "http_method": "OPTIONS",
            "id": "2dr3wn94t1/fb2z28/OPTIONS/200",
            "resource_id": "fb2z28",
            "response_parameters.%": "3",
            "response_parameters.method.response.header.Access-Control-Allow-Headers": "'Content-Type,X-Amz-Date,Authorization,X-Api-Key,X-Amz-Security-Token'",
            "response_parameters.method.response.header.Access-Control-Allow-Methods": "'OPTIONS,POST'",
            "response_parameters.method.response.header.Access-Control-Allow-Origin": "'*'",
            "response_templates.%": "0",
            "rest_api_id": "2dr3wn94t1",
            "selection_pattern": "",
            "status_code": "200"
          },
          "sensitive_attributes": []
        }
      ]
    },
    {
      "mode": "managed",
      "type": "aws_api_gateway_integration_response",
      "name": "tfer--2dr3wn94t1-002F-fb2z28-002F-POST-002F-200",
      "provider": "provider[\"registry.terraform.io/hashicorp/aws\"]",
      "instances": [
        {
          "schema_version": 0,
          "attributes_flat": {
            "content_handling": "",
            "http_method": "POST",
            "id": "2dr3wn94t1/fb2z28/POST/200",
            "resource_id": "fb2z28",
            "response_parameters.%": "1",
            "response_parameters.method.response.header.Access-Control-Allow-Origin": "'*'",
            "response_templates.%": "1",
            "response_templates.application/json": "",
            "rest_api_id": "2dr3wn94t1",
            "selection_pattern": "",
            "status_code": "200"
          },
          "sensitive_attributes": []
        }
      ]
    },
    {
      "mode": "managed",
      "type": "aws_api_gateway_integration_response",
      "name": "tfer--2dr3wn94t1-002F-iaf58g-002F-OPTIONS-002F-200",
      "provider": "provider[\"registry.terraform.io/hashicorp/aws\"]",
      "instances": [
        {
          "schema_version": 0,
          "attributes_flat": {
            "content_handling": "",
            "http_method": "OPTIONS",
            "id": "2dr3wn94t1/iaf58g/OPTIONS/200",
            "resource_id": "iaf58g",
            "response_parameters.%": "3",
            "response_parameters.method.response.header.Access-Control-Allow-Headers": "'Content-Type,X-Amz-Date,Authorization,X-Api-Key,X-Amz-Security-Token'",
            "response_parameters.method.response.header.Access-Control-Allow-Methods": "'OPTIONS,POST'",
            "response_parameters.method.response.header.Access-Control-Allow-Origin": "'*'",
            "response_templates.%": "0",
            "rest_api_id": "2dr3wn94t1",
            "selection_pattern": "",
            "status_code": "200"
          },
          "sensitive_attributes": []
        }
      ]
    },
    {
      "mode": "managed",
      "type": "aws_api_gateway_integration_response",
      "name": "tfer--2dr3wn94t1-002F-iaf58g-002F-POST-002F-200",
      "provider": "provider[\"registry.terraform.io/hashicorp/aws\"]",
      "instances": [
        {
          "schema_version": 0,
          "attributes_flat": {
            "content_handling": "",
            "http_method": "POST",
            "id": "2dr3wn94t1/iaf58g/POST/200",
            "resource_id": "iaf58g",
            "response_parameters.%": "0",
            "response_templates.%": "1",
            "response_templates.application/json": "",
            "rest_api_id": "2dr3wn94t1",
            "selection_pattern": "",
            "status_code": "200"
          },
          "sensitive_attributes": []
        }
      ]
    },
    {
      "mode": "managed",
      "type": "aws_api_gateway_integration_response",
      "name": "tfer--2dr3wn94t1-002F-k7mfer-002F-OPTIONS-002F-200",
      "provider": "provider[\"registry.terraform.io/hashicorp/aws\"]",
      "instances": [
        {
          "schema_version": 0,
          "attributes_flat": {
            "content_handling": "",
            "http_method": "OPTIONS",
            "id": "2dr3wn94t1/k7mfer/OPTIONS/200",
            "resource_id": "k7mfer",
            "response_parameters.%": "3",
            "response_parameters.method.response.header.Access-Control-Allow-Headers": "'Content-Type,Authorization,X-Amz-Date,X-Api-Key,X-Amz-Security-Token'",
            "response_parameters.method.response.header.Access-Control-Allow-Methods": "'DELETE,GET,HEAD,OPTIONS,PATCH,POST,PUT'",
            "response_parameters.method.response.header.Access-Control-Allow-Origin": "'*'",
            "response_templates.%": "0",
            "rest_api_id": "2dr3wn94t1",
            "selection_pattern": "",
            "status_code": "200"
          },
          "sensitive_attributes": []
        }
      ]
    },
    {
      "mode": "managed",
      "type": "aws_api_gateway_integration_response",
      "name": "tfer--2dr3wn94t1-002F-k7mfer-002F-POST-002F-200",
      "provider": "provider[\"registry.terraform.io/hashicorp/aws\"]",
      "instances": [
        {
          "schema_version": 0,
          "attributes_flat": {
            "content_handling": "",
            "http_method": "POST",
            "id": "2dr3wn94t1/k7mfer/POST/200",
            "resource_id": "k7mfer",
            "response_parameters.%": "0",
            "response_templates.%": "1",
            "response_templates.application/json": "",
            "rest_api_id": "2dr3wn94t1",
            "selection_pattern": "",
            "status_code": "200"
          },
          "sensitive_attributes": []
        }
      ]
    },
    {
      "mode": "managed",
      "type": "aws_api_gateway_integration_response",
      "name": "tfer--2dr3wn94t1-002F-odri5q-002F-OPTIONS-002F-200",
      "provider": "provider[\"registry.terraform.io/hashicorp/aws\"]",
      "instances": [
        {
          "schema_version": 0,
          "attributes_flat": {
            "content_handling": "",
            "http_method": "OPTIONS",
            "id": "2dr3wn94t1/odri5q/OPTIONS/200",
            "resource_id": "odri5q",
            "response_parameters.%": "3",
            "response_parameters.method.response.header.Access-Control-Allow-Headers": "'Content-Type,Authorization,X-Amz-Date,X-Api-Key,X-Amz-Security-Token'",
            "response_parameters.method.response.header.Access-Control-Allow-Methods": "'DELETE,GET,HEAD,OPTIONS,PATCH,POST,PUT'",
            "response_parameters.method.response.header.Access-Control-Allow-Origin": "'*'",
            "response_templates.%": "0",
            "rest_api_id": "2dr3wn94t1",
            "selection_pattern": "",
            "status_code": "200"
          },
          "sensitive_attributes": []
        }
      ]
    },
    {
      "mode": "managed",
      "type": "aws_api_gateway_integration_response",
      "name": "tfer--2dr3wn94t1-002F-odri5q-002F-POST-002F-200",
      "provider": "provider[\"registry.terraform.io/hashicorp/aws\"]",
      "instances": [
        {
          "schema_version": 0,
          "attributes_flat": {
            "content_handling": "",
            "http_method": "POST",
            "id": "2dr3wn94t1/odri5q/POST/200",
            "resource_id": "odri5q",
            "response_parameters.%": "0",
            "response_templates.%": "1",
            "response_templates.application/json": "",
            "rest_api_id": "2dr3wn94t1",
            "selection_pattern": "",
            "status_code": "200"
          },
          "sensitive_attributes": []
        }
      ]
    },
    {
      "mode": "managed",
      "type": "aws_api_gateway_method",
      "name": "tfer--2dr3wn94t1-002F-6sv64a-002F-OPTIONS",
      "provider": "provider[\"registry.terraform.io/hashicorp/aws\"]",
      "instances": [
        {
          "schema_version": 0,
          "attributes_flat": {
            "api_key_required": "false",
            "authorization": "NONE",
            "authorization_scopes.#": "0",
            "authorizer_id": "",
            "http_method": "OPTIONS",
            "id": "2dr3wn94t1/6sv64a/OPTIONS",
            "operation_name": "",
            "request_models.%": "0",
            "request_parameters.%": "0",
            "request_validator_id": "",
            "resource_id": "6sv64a",
            "rest_api_id": "2dr3wn94t1"
          },
          "sensitive_attributes": []
        }
      ]
    },
    {
      "mode": "managed",
      "type": "aws_api_gateway_method",
      "name": "tfer--2dr3wn94t1-002F-6sv64a-002F-POST",
      "provider": "provider[\"registry.terraform.io/hashicorp/aws\"]",
      "instances": [
        {
          "schema_version": 0,
          "attributes_flat": {
            "api_key_required": "false",
            "authorization": "NONE",
            "authorization_scopes.#": "0",
            "authorizer_id": "",
            "http_method": "POST",
            "id": "2dr3wn94t1/6sv64a/POST",
            "operation_name": "",
            "request_models.%": "0",
            "request_parameters.%": "0",
            "request_validator_id": "",
            "resource_id": "6sv64a",
            "rest_api_id": "2dr3wn94t1"
          },
          "sensitive_attributes": []
        }
      ]
    },
    {
      "mode": "managed",
      "type": "aws_api_gateway_method",
      "name": "tfer--2dr3wn94t1-002F-f3b1vg-002F-OPTIONS",
      "provider": "provider[\"registry.terraform.io/hashicorp/aws\"]",
      "instances": [
        {
          "schema_version": 0,
          "attributes_flat": {
            "api_key_required": "false",
            "authorization": "NONE",
            "authorization_scopes.#": "0",
            "authorizer_id": "",
            "http_method": "OPTIONS",
            "id": "2dr3wn94t1/f3b1vg/OPTIONS",
            "operation_name": "",
            "request_models.%": "0",
            "request_parameters.%": "0",
            "request_validator_id": "",
            "resource_id": "f3b1vg",
            "rest_api_id": "2dr3wn94t1"
          },
          "sensitive_attributes": []
        }
      ]
    },
    {
      "mode": "managed",
      "type": "aws_api_gateway_method",
      "name": "tfer--2dr3wn94t1-002F-f3b1vg-002F-POST",
      "provider": "provider[\"registry.terraform.io/hashicorp/aws\"]",
      "instances": [
        {
          "schema_version": 0,
          "attributes_flat": {
            "api_key_required": "false",
            "authorization": "CUSTOM",
            "authorization_scopes.#": "0",
            "authorizer_id": "0w9k5i",
            "http_method": "POST",
            "id": "2dr3wn94t1/f3b1vg/POST",
            "operation_name": "",
            "request_models.%": "1",
            "request_models.application/json": "MODEL5a0976",
            "request_parameters.%": "0",
            "request_validator_id": "",
            "resource_id": "f3b1vg",
            "rest_api_id": "2dr3wn94t1"
          },
          "sensitive_attributes": []
        }
      ]
    },
    {
      "mode": "managed",
      "type": "aws_api_gateway_method",
      "name": "tfer--2dr3wn94t1-002F-fb2z28-002F-OPTIONS",
      "provider": "provider[\"registry.terraform.io/hashicorp/aws\"]",
      "instances": [
        {
          "schema_version": 0,
          "attributes_flat": {
            "api_key_required": "false",
            "authorization": "NONE",
            "authorization_scopes.#": "0",
            "authorizer_id": "",
            "http_method": "OPTIONS",
            "id": "2dr3wn94t1/fb2z28/OPTIONS",
            "operation_name": "",
            "request_models.%": "0",
            "request_parameters.%": "0",
            "request_validator_id": "",
            "resource_id": "fb2z28",
            "rest_api_id": "2dr3wn94t1"
          },
          "sensitive_attributes": []
        }
      ]
    },
    {
      "mode": "managed",
      "type": "aws_api_gateway_method",
      "name": "tfer--2dr3wn94t1-002F-fb2z28-002F-POST",
      "provider": "provider[\"registry.terraform.io/hashicorp/aws\"]",
      "instances": [
        {
          "schema_version": 0,
          "attributes_flat": {
            "api_key_required": "false",
            "authorization": "CUSTOM",
            "authorization_scopes.#": "0",
            "authorizer_id": "0w9k5i",
            "http_method": "POST",
            "id": "2dr3wn94t1/fb2z28/POST",
            "operation_name": "",
            "request_models.%": "1",
            "request_models.application/json": "MODEL9d1f09",
            "request_parameters.%": "0",
            "request_validator_id": "",
            "resource_id": "fb2z28",
            "rest_api_id": "2dr3wn94t1"
          },
          "sensitive_attributes": []
        }
      ]
    },
    {
      "mode": "managed",
      "type": "aws_api_gateway_method",
      "name": "tfer--2dr3wn94t1-002F-iaf58g-002F-OPTIONS",
      "provider": "provider[\"registry.terraform.io/hashicorp/aws\"]",
      "instances": [
        {
          "schema_version": 0,
          "attributes_flat": {
            "api_key_required": "false",
            "authorization": "NONE",
            "authorization_scopes.#": "0",
            "authorizer_id": "",
            "http_method": "OPTIONS",
            "id": "2dr3wn94t1/iaf58g/OPTIONS",
            "operation_name": "",
            "request_models.%": "0",
            "request_parameters.%": "0",
            "request_validator_id": "",
            "resource_id": "iaf58g",
            "rest_api_id": "2dr3wn94t1"
          },
          "sensitive_attributes": []
        }
      ]
    },
    {
      "mode": "managed",
      "type": "aws_api_gateway_method",
      "name": "tfer--2dr3wn94t1-002F-iaf58g-002F-POST",
      "provider": "provider[\"registry.terraform.io/hashicorp/aws\"]",
      "instances": [
        {
          "schema_version": 0,
          "attributes_flat": {
            "api_key_required": "false",
            "authorization": "NONE",
            "authorization_scopes.#": "0",
            "authorizer_id": "",
            "http_method": "POST",
            "id": "2dr3wn94t1/iaf58g/POST",
            "operation_name": "",
            "request_models.%": "0",
            "request_parameters.%": "0",
            "request_validator_id": "",
            "resource_id": "iaf58g",
            "rest_api_id": "2dr3wn94t1"
          },
          "sensitive_attributes": []
        }
      ]
    },
    {
      "mode": "managed",
      "type": "aws_api_gateway_method",
      "name": "tfer--2dr3wn94t1-002F-k7mfer-002F-OPTIONS",
      "provider": "provider[\"registry.terraform.io/hashicorp/aws\"]",
      "instances": [
        {
          "schema_version": 0,
          "attributes_flat": {
            "api_key_required": "false",
            "authorization": "NONE",
            "authorization_scopes.#": "0",
            "authorizer_id": "",
            "http_method": "OPTIONS",
            "id": "2dr3wn94t1/k7mfer/OPTIONS",
            "operation_name": "",
            "request_models.%": "0",
            "request_parameters.%": "0",
            "request_validator_id": "",
            "resource_id": "k7mfer",
            "rest_api_id": "2dr3wn94t1"
          },
          "sensitive_attributes": []
        }
      ]
    },
    {
      "mode": "managed",
      "type": "aws_api_gateway_method",
      "name": "tfer--2dr3wn94t1-002F-k7mfer-002F-POST",
      "provider": "provider[\"registry.terraform.io/hashicorp/aws\"]",
      "instances": [
        {
          "schema_version": 0,
          "attributes_flat": {
            "api_key_required": "false",
            "authorization": "NONE",
            "authorization_scopes.#": "0",
            "authorizer_id": "",
            "http_method": "POST",
            "id": "2dr3wn94t1/k7mfer/POST",
            "operation_name": "",
            "request_models.%": "0",
            "request_parameters.%": "0",
            "request_validator_id": "",
            "resource_id": "k7mfer",
            "rest_api_id": "2dr3wn94t1"
          },
          "sensitive_attributes": []
        }
      ]
    },
    {
      "mode": "managed",
      "type": "aws_api_gateway_method",
      "name": "tfer--2dr3wn94t1-002F-odri5q-002F-OPTIONS",
      "provider": "provider[\"registry.terraform.io/hashicorp/aws\"]",
      "instances": [
        {
          "schema_version": 0,
          "attributes_flat": {
            "api_key_required": "false",
            "authorization": "NONE",
            "authorization_scopes.#": "0",
            "authorizer_id": "",
            "http_method": "OPTIONS",
            "id": "2dr3wn94t1/odri5q/OPTIONS",
            "operation_name": "",
            "request_models.%": "0",
            "request_parameters.%": "0",
            "request_validator_id": "",
            "resource_id": "odri5q",
            "rest_api_id": "2dr3wn94t1"
          },
          "sensitive_attributes": []
        }
      ]
    },
    {
      "mode": "managed",
      "type": "aws_api_gateway_method",
      "name": "tfer--2dr3wn94t1-002F-odri5q-002F-POST",
      "provider": "provider[\"registry.terraform.io/hashicorp/aws\"]",
      "instances": [
        {
          "schema_version": 0,
          "attributes_flat": {
            "api_key_required": "false",
            "authorization": "CUSTOM",
            "authorization_scopes.#": "0",
            "authorizer_id": "0w9k5i",
            "http_method": "POST",
            "id": "2dr3wn94t1/odri5q/POST",
            "operation_name": "",
            "request_models.%": "0",
            "request_parameters.%": "0",
            "request_validator_id": "",
            "resource_id": "odri5q",
            "rest_api_id": "2dr3wn94t1"
          },
          "sensitive_attributes": []
        }
      ]
    },
    {
      "mode": "managed",
      "type": "aws_api_gateway_method_response",
      "name": "tfer--2dr3wn94t1-002F-6sv64a-002F-OPTIONS-002F-200",
      "provider": "provider[\"registry.terraform.io/hashicorp/aws\"]",
      "instances": [
        {
          "schema_version": 0,
          "attributes_flat": {
            "http_method": "OPTIONS",
            "id": "2dr3wn94t1/6sv64a/OPTIONS/200",
            "resource_id": "6sv64a",
            "response_models.%": "1",
            "response_models.application/json": "Empty",
            "response_parameters.%": "3",
            "response_parameters.method.response.header.Access-Control-Allow-Headers": "false",
            "response_parameters.method.response.header.Access-Control-Allow-Methods": "false",
            "response_parameters.method.response.header.Access-Control-Allow-Origin": "false",
            "rest_api_id": "2dr3wn94t1",
            "status_code": "200"
          },
          "sensitive_attributes": []
        }
      ]
    },
    {
      "mode": "managed",
      "type": "aws_api_gateway_method_response",
      "name": "tfer--2dr3wn94t1-002F-6sv64a-002F-POST-002F-200",
      "provider": "provider[\"registry.terraform.io/hashicorp/aws\"]",
      "instances": [
        {
          "schema_version": 0,
          "attributes_flat": {
            "http_method": "POST",
            "id": "2dr3wn94t1/6sv64a/POST/200",
            "resource_id": "6sv64a",
            "response_models.%": "1",
            "response_models.application/json": "Empty",
            "response_parameters.%": "0",
            "rest_api_id": "2dr3wn94t1",
            "status_code": "200"
          },
          "sensitive_attributes": []
        }
      ]
    },
    {
      "mode": "managed",
      "type": "aws_api_gateway_method_response",
      "name": "tfer--2dr3wn94t1-002F-f3b1vg-002F-OPTIONS-002F-200",
      "provider": "provider[\"registry.terraform.io/hashicorp/aws\"]",
      "instances": [
        {
          "schema_version": 0,
          "attributes_flat": {
            "http_method": "OPTIONS",
            "id": "2dr3wn94t1/f3b1vg/OPTIONS/200",
            "resource_id": "f3b1vg",
            "response_models.%": "1",
            "response_models.application/json": "Empty",
            "response_parameters.%": "3",
            "response_parameters.method.response.header.Access-Control-Allow-Headers": "false",
            "response_parameters.method.response.header.Access-Control-Allow-Methods": "false",
            "response_parameters.method.response.header.Access-Control-Allow-Origin": "false",
            "rest_api_id": "2dr3wn94t1",
            "status_code": "200"
          },
          "sensitive_attributes": []
        }
      ]
    },
    {
      "mode": "managed",
      "type": "aws_api_gateway_method_response",
      "name": "tfer--2dr3wn94t1-002F-f3b1vg-002F-POST-002F-200",
      "provider": "provider[\"registry.terraform.io/hashicorp/aws\"]",
      "instances": [
        {
          "schema_version": 0,
          "attributes_flat": {
            "http_method": "POST",
            "id": "2dr3wn94t1/f3b1vg/POST/200",
            "resource_id": "f3b1vg",
            "response_models.%": "1",
            "response_models.application/json": "MODEL741e81",
            "response_parameters.%": "1",
            "response_parameters.method.response.header.Access-Control-Allow-Origin": "false",
            "rest_api_id": "2dr3wn94t1",
            "status_code": "200"
          },
          "sensitive_attributes": []
        }
      ]
    },
    {
      "mode": "managed",
      "type": "aws_api_gateway_method_response",
      "name": "tfer--2dr3wn94t1-002F-f3b1vg-002F-POST-002F-400",
      "provider": "provider[\"registry.terraform.io/hashicorp/aws\"]",
      "instances": [
        {
          "schema_version": 0,
          "attributes_flat": {
            "http_method": "POST",
            "id": "2dr3wn94t1/f3b1vg/POST/400",
            "resource_id": "f3b1vg",
            "response_models.%": "0",
            "response_parameters.%": "0",
            "rest_api_id": "2dr3wn94t1",
            "status_code": "400"
          },
          "sensitive_attributes": []
        }
      ]
    },
    {
      "mode": "managed",
      "type": "aws_api_gateway_method_response",
      "name": "tfer--2dr3wn94t1-002F-f3b1vg-002F-POST-002F-500",
      "provider": "provider[\"registry.terraform.io/hashicorp/aws\"]",
      "instances": [
        {
          "schema_version": 0,
          "attributes_flat": {
            "http_method": "POST",
            "id": "2dr3wn94t1/f3b1vg/POST/500",
            "resource_id": "f3b1vg",
            "response_models.%": "0",
            "response_parameters.%": "0",
            "rest_api_id": "2dr3wn94t1",
            "status_code": "500"
          },
          "sensitive_attributes": []
        }
      ]
    },
    {
      "mode": "managed",
      "type": "aws_api_gateway_method_response",
      "name": "tfer--2dr3wn94t1-002F-fb2z28-002F-OPTIONS-002F-200",
      "provider": "provider[\"registry.terraform.io/hashicorp/aws\"]",
      "instances": [
        {
          "schema_version": 0,
          "attributes_flat": {
            "http_method": "OPTIONS",
            "id": "2dr3wn94t1/fb2z28/OPTIONS/200",
            "resource_id": "fb2z28",
            "response_models.%": "1",
            "response_models.application/json": "Empty",
            "response_parameters.%": "3",
            "response_parameters.method.response.header.Access-Control-Allow-Headers": "false",
            "response_parameters.method.response.header.Access-Control-Allow-Methods": "false",
            "response_parameters.method.response.header.Access-Control-Allow-Origin": "false",
            "rest_api_id": "2dr3wn94t1",
            "status_code": "200"
          },
          "sensitive_attributes": []
        }
      ]
    },
    {
      "mode": "managed",
      "type": "aws_api_gateway_method_response",
      "name": "tfer--2dr3wn94t1-002F-fb2z28-002F-POST-002F-200",
      "provider": "provider[\"registry.terraform.io/hashicorp/aws\"]",
      "instances": [
        {
          "schema_version": 0,
          "attributes_flat": {
            "http_method": "POST",
            "id": "2dr3wn94t1/fb2z28/POST/200",
            "resource_id": "fb2z28",
            "response_models.%": "1",
            "response_models.application/json": "MODEL604713",
            "response_parameters.%": "1",
            "response_parameters.method.response.header.Access-Control-Allow-Origin": "false",
            "rest_api_id": "2dr3wn94t1",
            "status_code": "200"
          },
          "sensitive_attributes": []
        }
      ]
    },
    {
      "mode": "managed",
      "type": "aws_api_gateway_method_response",
      "name": "tfer--2dr3wn94t1-002F-fb2z28-002F-POST-002F-400",
      "provider": "provider[\"registry.terraform.io/hashicorp/aws\"]",
      "instances": [
        {
          "schema_version": 0,
          "attributes_flat": {
            "http_method": "POST",
            "id": "2dr3wn94t1/fb2z28/POST/400",
            "resource_id": "fb2z28",
            "response_models.%": "0",
            "response_parameters.%": "0",
            "rest_api_id": "2dr3wn94t1",
            "status_code": "400"
          },
          "sensitive_attributes": []
        }
      ]
    },
    {
      "mode": "managed",
      "type": "aws_api_gateway_method_response",
      "name": "tfer--2dr3wn94t1-002F-fb2z28-002F-POST-002F-404",
      "provider": "provider[\"registry.terraform.io/hashicorp/aws\"]",
      "instances": [
        {
          "schema_version": 0,
          "attributes_flat": {
            "http_method": "POST",
            "id": "2dr3wn94t1/fb2z28/POST/404",
            "resource_id": "fb2z28",
            "response_models.%": "0",
            "response_parameters.%": "0",
            "rest_api_id": "2dr3wn94t1",
            "status_code": "404"
          },
          "sensitive_attributes": []
        }
      ]
    },
    {
      "mode": "managed",
      "type": "aws_api_gateway_method_response",
      "name": "tfer--2dr3wn94t1-002F-fb2z28-002F-POST-002F-500",
      "provider": "provider[\"registry.terraform.io/hashicorp/aws\"]",
      "instances": [
        {
          "schema_version": 0,
          "attributes_flat": {
            "http_method": "POST",
            "id": "2dr3wn94t1/fb2z28/POST/500",
            "resource_id": "fb2z28",
            "response_models.%": "0",
            "response_parameters.%": "0",
            "rest_api_id": "2dr3wn94t1",
            "status_code": "500"
          },
          "sensitive_attributes": []
        }
      ]
    },
    {
      "mode": "managed",
      "type": "aws_api_gateway_method_response",
      "name": "tfer--2dr3wn94t1-002F-iaf58g-002F-OPTIONS-002F-200",
      "provider": "provider[\"registry.terraform.io/hashicorp/aws\"]",
      "instances": [
        {
          "schema_version": 0,
          "attributes_flat": {
            "http_method": "OPTIONS",
            "id": "2dr3wn94t1/iaf58g/OPTIONS/200",
            "resource_id": "iaf58g",
            "response_models.%": "1",
            "response_models.application/json": "Empty",
            "response_parameters.%": "3",
            "response_parameters.method.response.header.Access-Control-Allow-Headers": "false",
            "response_parameters.method.response.header.Access-Control-Allow-Methods": "false",
            "response_parameters.method.response.header.Access-Control-Allow-Origin": "false",
            "rest_api_id": "2dr3wn94t1",
            "status_code": "200"
          },
          "sensitive_attributes": []
        }
      ]
    },
    {
      "mode": "managed",
      "type": "aws_api_gateway_method_response",
      "name": "tfer--2dr3wn94t1-002F-iaf58g-002F-POST-002F-200",
      "provider": "provider[\"registry.terraform.io/hashicorp/aws\"]",
      "instances": [
        {
          "schema_version": 0,
          "attributes_flat": {
            "http_method": "POST",
            "id": "2dr3wn94t1/iaf58g/POST/200",
            "resource_id": "iaf58g",
            "response_models.%": "1",
            "response_models.application/json": "Empty",
            "response_parameters.%": "1",
            "response_parameters.method.response.header.Access-Control-Allow-Origin": "false",
            "rest_api_id": "2dr3wn94t1",
            "status_code": "200"
          },
          "sensitive_attributes": []
        }
      ]
    },
    {
      "mode": "managed",
      "type": "aws_api_gateway_method_response",
      "name": "tfer--2dr3wn94t1-002F-k7mfer-002F-OPTIONS-002F-200",
      "provider": "provider[\"registry.terraform.io/hashicorp/aws\"]",
      "instances": [
        {
          "schema_version": 0,
          "attributes_flat": {
            "http_method": "OPTIONS",
            "id": "2dr3wn94t1/k7mfer/OPTIONS/200",
            "resource_id": "k7mfer",
            "response_models.%": "1",
            "response_models.application/json": "Empty",
            "response_parameters.%": "3",
            "response_parameters.method.response.header.Access-Control-Allow-Headers": "false",
            "response_parameters.method.response.header.Access-Control-Allow-Methods": "false",
            "response_parameters.method.response.header.Access-Control-Allow-Origin": "false",
            "rest_api_id": "2dr3wn94t1",
            "status_code": "200"
          },
          "sensitive_attributes": []
        }
      ]
    },
    {
      "mode": "managed",
      "type": "aws_api_gateway_method_response",
      "name": "tfer--2dr3wn94t1-002F-k7mfer-002F-POST-002F-200",
      "provider": "provider[\"registry.terraform.io/hashicorp/aws\"]",
      "instances": [
        {
          "schema_version": 0,
          "attributes_flat": {
            "http_method": "POST",
            "id": "2dr3wn94t1/k7mfer/POST/200",
            "resource_id": "k7mfer",
            "response_models.%": "1",
            "response_models.application/json": "Empty",
            "response_parameters.%": "0",
            "rest_api_id": "2dr3wn94t1",
            "status_code": "200"
          },
          "sensitive_attributes": []
        }
      ]
    },
    {
      "mode": "managed",
      "type": "aws_api_gateway_method_response",
      "name": "tfer--2dr3wn94t1-002F-odri5q-002F-OPTIONS-002F-200",
      "provider": "provider[\"registry.terraform.io/hashicorp/aws\"]",
      "instances": [
        {
          "schema_version": 0,
          "attributes_flat": {
            "http_method": "OPTIONS",
            "id": "2dr3wn94t1/odri5q/OPTIONS/200",
            "resource_id": "odri5q",
            "response_models.%": "1",
            "response_models.application/json": "Empty",
            "response_parameters.%": "3",
            "response_parameters.method.response.header.Access-Control-Allow-Headers": "false",
            "response_parameters.method.response.header.Access-Control-Allow-Methods": "false",
            "response_parameters.method.response.header.Access-Control-Allow-Origin": "false",
            "rest_api_id": "2dr3wn94t1",
            "status_code": "200"
          },
          "sensitive_attributes": []
        }
      ]
    },
    {
      "mode": "managed",
      "type": "aws_api_gateway_method_response",
      "name": "tfer--2dr3wn94t1-002F-odri5q-002F-POST-002F-200",
      "provider": "provider[\"registry.terraform.io/hashicorp/aws\"]",
      "instances": [
        {
          "schema_version": 0,
          "attributes_flat": {
            "http_method": "POST",
            "id": "2dr3wn94t1/odri5q/POST/200",
            "resource_id": "odri5q",
            "response_models.%": "1",
            "response_models.application/json": "Empty",
            "response_parameters.%": "0",
            "rest_api_id": "2dr3wn94t1",
            "status_code": "200"
          },
          "sensitive_attributes": []
        }
      ]
    },
    {
      "mode": "managed",
      "type": "aws_api_gateway_model",
      "name": "tfer--c4oqz0",
      "provider": "provider[\"registry.terraform.io/hashicorp/aws\"]",
      "instances": [
        {
          "schema_version": 0,
          "attributes_flat": {
            "content_type": "application/json",
            "description": "",
            "id": "c4oqz0",
            "name": "MODEL9d1f09",
            "rest_api_id": "2dr3wn94t1",
            "schema": "{\n  \"type\" : \"object\",\n  \"properties\" : {\n    \"action\" : {\n      \"type\" : \"string\",\n      \"description\" : \"Action to perform (e.g., get_user_info, get_user_databases, etc.)\"\n    },\n    \"UserId\" : {\n      \"type\" : \"string\",\n      \"description\" : \"ID of the user (required for user-related actions)\"\n    },\n    \"Db_id\" : {\n      \"type\" : \"string\",\n      \"description\" : \"ID of the database (required for database-related actions)\"\n    },\n    \"TableId\" : {\n      \"type\" : \"string\",\n      \"description\" : \"ID of the table (required for table-related actions)\"\n    }\n  }\n}"
          },
          "sensitive_attributes": []
        }
      ]
    },
    {
      "mode": "managed",
      "type": "aws_api_gateway_model",
      "name": "tfer--fojcvc",
      "provider": "provider[\"registry.terraform.io/hashicorp/aws\"]",
      "instances": [
        {
          "schema_version": 0,
          "attributes_flat": {
            "content_type": "application/json",
            "description": "",
            "id": "fojcvc",
            "name": "MODEL604713",
            "rest_api_id": "2dr3wn94t1",
            "schema": "{\n  \"type\" : \"object\",\n  \"properties\" : {\n    \"statusCode\" : {\n      \"type\" : \"integer\",\n      \"format\" : \"int32\"\n    },\n    \"body\" : {\n      \"type\" : \"object\",\n      \"description\" : \"Operation result\",\n      \"properties\" : { }\n    }\n  }\n}"
          },
          "sensitive_attributes": []
        }
      ]
    },
    {
      "mode": "managed",
      "type": "aws_api_gateway_model",
      "name": "tfer--fvqdc0",
      "provider": "provider[\"registry.terraform.io/hashicorp/aws\"]",
      "instances": [
        {
          "schema_version": 0,
          "attributes_flat": {
            "content_type": "application/json",
            "description": "",
            "id": "fvqdc0",
            "name": "MODEL5a0976",
            "rest_api_id": "2dr3wn94t1",
            "schema": "{\n  \"type\" : \"object\",\n  \"required\" : [ \"fileName\", \"query\" ],\n  \"properties\" : {\n    \"fileName\" : {\n      \"type\" : \"string\",\n      \"description\" : \"Name of the SQLite file to query.\"\n    },\n    \"query\" : {\n      \"type\" : \"string\",\n      \"description\" : \"SQL query to execute.\"\n    }\n  }\n}"
          },
          "sensitive_attributes": []
        }
      ]
    },
    {
      "mode": "managed",
      "type": "aws_api_gateway_model",
      "name": "tfer--n9x10d",
      "provider": "provider[\"registry.terraform.io/hashicorp/aws\"]",
      "instances": [
        {
          "schema_version": 0,
          "attributes_flat": {
            "content_type": "application/json",
            "description": "This is a default empty schema model",
            "id": "n9x10d",
            "name": "Empty",
            "rest_api_id": "2dr3wn94t1",
            "schema": "{\n  \"$schema\": \"http://json-schema.org/draft-04/schema#\",\n  \"title\" : \"Empty Schema\",\n  \"type\" : \"object\"\n}"
          },
          "sensitive_attributes": []
        }
      ]
    },
    {
      "mode": "managed",
      "type": "aws_api_gateway_model",
      "name": "tfer--oimt49",
      "provider": "provider[\"registry.terraform.io/hashicorp/aws\"]",
      "instances": [
        {
          "schema_version": 0,
          "attributes_flat": {
            "content_type": "application/json",
            "description": "This is a default error schema model",
            "id": "oimt49",
            "name": "Error",
            "rest_api_id": "2dr3wn94t1",
            "schema": "{\n  \"$schema\" : \"http://json-schema.org/draft-04/schema#\",\n  \"title\" : \"Error Schema\",\n  \"type\" : \"object\",\n  \"properties\" : {\n    \"message\" : { \"type\" : \"string\" }\n  }\n}"
          },
          "sensitive_attributes": []
        }
      ]
    },
    {
      "mode": "managed",
      "type": "aws_api_gateway_model",
      "name": "tfer--ylb482",
      "provider": "provider[\"registry.terraform.io/hashicorp/aws\"]",
      "instances": [
        {
          "schema_version": 0,
          "attributes_flat": {
            "content_type": "application/json",
            "description": "",
            "id": "ylb482",
            "name": "MODEL741e81",
            "rest_api_id": "2dr3wn94t1",
            "schema": "{\n  \"type\" : \"object\",\n  \"properties\" : {\n    \"message\" : {\n      \"type\" : \"string\"\n    },\n    \"queryResults\" : {\n      \"type\" : \"array\",\n      \"items\" : {\n        \"type\" : \"object\",\n        \"properties\" : { }\n      }\n    }\n  }\n}"
          },
          "sensitive_attributes": []
        }
      ]
    },
    {
      "mode": "managed",
      "type": "aws_api_gateway_resource",
      "name": "tfer--6sv64a",
      "provider": "provider[\"registry.terraform.io/hashicorp/aws\"]",
      "instances": [
        {
          "schema_version": 0,
          "attributes_flat": {
            "id": "6sv64a",
            "parent_id": "c2bz5679xj",
            "path": "/create_user",
            "path_part": "create_user",
            "rest_api_id": "2dr3wn94t1"
          },
          "sensitive_attributes": []
        }
      ]
    },
    {
      "mode": "managed",
      "type": "aws_api_gateway_resource",
      "name": "tfer--c2bz5679xj",
      "provider": "provider[\"registry.terraform.io/hashicorp/aws\"]",
      "instances": [
        {
          "schema_version": 0,
          "attributes_flat": {
            "id": "c2bz5679xj",
            "parent_id": "",
            "path": "/",
            "path_part": "",
            "rest_api_id": "2dr3wn94t1"
          },
          "sensitive_attributes": []
        }
      ]
    },
    {
      "mode": "managed",
      "type": "aws_api_gateway_resource",
      "name": "tfer--f3b1vg",
      "provider": "provider[\"registry.terraform.io/hashicorp/aws\"]",
      "instances": [
        {
          "schema_version": 0,
          "attributes_flat": {
            "id": "f3b1vg",
            "parent_id": "c2bz5679xj",
            "path": "/query",
            "path_part": "query",
            "rest_api_id": "2dr3wn94t1"
          },
          "sensitive_attributes": []
        }
      ]
    },
    {
      "mode": "managed",
      "type": "aws_api_gateway_resource",
      "name": "tfer--fb2z28",
      "provider": "provider[\"registry.terraform.io/hashicorp/aws\"]",
      "instances": [
        {
          "schema_version": 0,
          "attributes_flat": {
            "id": "fb2z28",
            "parent_id": "c2bz5679xj",
            "path": "/dashboard",
            "path_part": "dashboard",
            "rest_api_id": "2dr3wn94t1"
          },
          "sensitive_attributes": []
        }
      ]
    },
    {
      "mode": "managed",
      "type": "aws_api_gateway_resource",
      "name": "tfer--iaf58g",
      "provider": "provider[\"registry.terraform.io/hashicorp/aws\"]",
      "instances": [
        {
          "schema_version": 0,
          "attributes_flat": {
            "id": "iaf58g",
            "parent_id": "c2bz5679xj",
            "path": "/generate_token",
            "path_part": "generate_token",
            "rest_api_id": "2dr3wn94t1"
          },
          "sensitive_attributes": []
        }
      ]
    },
    {
      "mode": "managed",
      "type": "aws_api_gateway_resource",
      "name": "tfer--k7mfer",
      "provider": "provider[\"registry.terraform.io/hashicorp/aws\"]",
      "instances": [
        {
          "schema_version": 0,
          "attributes_flat": {
            "id": "k7mfer",
            "parent_id": "c2bz5679xj",
            "path": "/validate_user",
            "path_part": "validate_user",
            "rest_api_id": "2dr3wn94t1"
          },
          "sensitive_attributes": []
        }
      ]
    },
    {
      "mode": "managed",
      "type": "aws_api_gateway_resource",
      "name": "tfer--odri5q",
      "provider": "provider[\"registry.terraform.io/hashicorp/aws\"]",
      "instances": [
        {
          "schema_version": 0,
          "attributes_flat": {
            "id": "odri5q",
            "parent_id": "c2bz5679xj",
            "path": "/migrate",
            "path_part": "migrate",
            "rest_api_id": "2dr3wn94t1"
          },
          "sensitive_attributes": []
        }
      ]
    },
    {
      "mode": "managed",
      "type": "aws_api_gateway_rest_api",
      "name": "tfer--2dr3wn94t1_multitenantdb-test",
      "provider": "provider[\"registry.terraform.io/hashicorp/aws\"]",
      "instances": [
        {
          "schema_version": 0,
          "attributes_flat": {
            "api_key_source": "HEADER",
            "arn": "arn:aws:apigateway:us-east-2::/restapis/2dr3wn94t1",
            "binary_media_types.#": "0",
            "created_date": "2024-12-07T19:39:14Z",
            "description": "API for querying user, database, and table details.",
            "disable_execute_api_endpoint": "false",
            "endpoint_configuration.#": "1",
            "endpoint_configuration.0.types.#": "1",
            "endpoint_configuration.0.types.0": "REGIONAL",
            "endpoint_configuration.0.vpc_endpoint_ids.#": "0",
            "execution_arn": "arn:aws:execute-api:us-east-2:571600864139:2dr3wn94t1",
            "id": "2dr3wn94t1",
            "minimum_compression_size": "",
            "name": "multitenantdb-test",
            "policy": "",
            "root_resource_id": "c2bz5679xj",
            "tags.%": "0",
            "tags_all.%": "0"
          },
          "sensitive_attributes": []
        }
      ]
    },
    {
      "mode": "managed",
      "type": "aws_api_gateway_stage",
      "name": "tfer--2dr3wn94t1-002F-dev",
      "provider": "provider[\"registry.terraform.io/hashicorp/aws\"]",
      "instances": [
        {
          "schema_version": 0,
          "attributes_flat": {
            "access_log_settings.#": "0",
            "arn": "arn:aws:apigateway:us-east-2::/restapis/2dr3wn94t1/stages/dev",
            "cache_cluster_enabled": "false",
            "cache_cluster_size": "",
            "canary_settings.#": "0",
            "client_certificate_id": "",
            "deployment_id": "zyt3k0",
            "description": "",
            "documentation_version": "",
            "execution_arn": "arn:aws:execute-api:us-east-2:571600864139:2dr3wn94t1/dev",
            "id": "2dr3wn94t1/dev",
            "invoke_url": "https://2dr3wn94t1.execute-api.us-east-2.amazonaws.com/dev",
            "rest_api_id": "2dr3wn94t1",
            "stage_name": "dev",
            "tags.%": "0",
            "tags_all.%": "0",
            "variables.%": "0",
            "web_acl_arn": "",
            "xray_tracing_enabled": "false"
          },
          "sensitive_attributes": []
        }
      ]
    },
    {
      "mode": "managed",
      "type": "aws_api_gateway_stage",
      "name": "tfer--2dr3wn94t1-002F-test_v1",
      "provider": "provider[\"registry.terraform.io/hashicorp/aws\"]",
      "instances": [
        {
          "schema_version": 0,
          "attributes_flat": {
            "access_log_settings.#": "0",
            "arn": "arn:aws:apigateway:us-east-2::/restapis/2dr3wn94t1/stages/test_v1",
            "cache_cluster_enabled": "false",
            "cache_cluster_size": "",
            "canary_settings.#": "0",
            "client_certificate_id": "",
            "deployment_id": "g5o1g6",
            "description": "",
            "documentation_version": "",
            "execution_arn": "arn:aws:execute-api:us-east-2:571600864139:2dr3wn94t1/test_v1",
            "id": "2dr3wn94t1/test_v1",
            "invoke_url": "https://2dr3wn94t1.execute-api.us-east-2.amazonaws.com/test_v1",
            "rest_api_id": "2dr3wn94t1",
            "stage_name": "test_v1",
            "tags.%": "0",
            "tags_all.%": "0",
            "variables.%": "0",
            "web_acl_arn": "",
            "xray_tracing_enabled": "false"
          },
          "sensitive_attributes": []
        }
      ]
    },
    {
      "mode": "managed",
      "type": "aws_api_gateway_stage",
      "name": "tfer--2dr3wn94t1-002F-utkarsh_stage",
      "provider": "provider[\"registry.terraform.io/hashicorp/aws\"]",
      "instances": [
        {
          "schema_version": 0,
          "attributes_flat": {
            "access_log_settings.#": "0",
            "arn": "arn:aws:apigateway:us-east-2::/restapis/2dr3wn94t1/stages/utkarsh_stage",
            "cache_cluster_enabled": "false",
            "cache_cluster_size": "",
            "canary_settings.#": "0",
            "client_certificate_id": "",
            "deployment_id": "kr5rz0",
            "description": "",
            "documentation_version": "",
            "execution_arn": "arn:aws:execute-api:us-east-2:571600864139:2dr3wn94t1/utkarsh_stage",
            "id": "2dr3wn94t1/utkarsh_stage",
            "invoke_url": "https://2dr3wn94t1.execute-api.us-east-2.amazonaws.com/utkarsh_stage",
            "rest_api_id": "2dr3wn94t1",
            "stage_name": "utkarsh_stage",
            "tags.%": "0",
            "tags_all.%": "0",
            "variables.%": "0",
            "web_acl_arn": "",
            "xray_tracing_enabled": "false"
          },
          "sensitive_attributes": []
        }
      ]
    }
  ],
  "check_results": null
}
