{
  "version": 4,
  "terraform_version": "1.10.3",
  "serial": 2,
  "lineage": "7ba627f1-8743-bcfc-490b-6b9cc7915f0d",
  "outputs": {
    "aws_sqs_queue_tfer--log_queue_arn": {
      "value": "arn:aws:sqs:us-east-2:571600864139:log_queue",
      "type": "string"
    },
    "aws_sqs_queue_tfer--log_queue_id": {
      "value": "https://sqs.us-east-2.amazonaws.com/571600864139/log_queue",
      "type": "string"
    },
    "aws_sqs_queue_tfer--migrationQueue_arn": {
      "value": "arn:aws:sqs:us-east-2:571600864139:migrationQueue",
      "type": "string"
    },
    "aws_sqs_queue_tfer--migrationQueue_id": {
      "value": "https://sqs.us-east-2.amazonaws.com/571600864139/migrationQueue",
      "type": "string"
    }
  },
  "resources": [
    {
      "mode": "managed",
      "type": "aws_sqs_queue",
      "name": "tfer--log_queue",
      "provider": "provider[\"registry.terraform.io/hashicorp/aws\"]",
      "instances": [
        {
          "schema_version": 0,
          "attributes_flat": {
            "arn": "arn:aws:sqs:us-east-2:571600864139:log_queue",
            "content_based_deduplication": "false",
            "deduplication_scope": "",
            "delay_seconds": "0",
            "fifo_queue": "false",
            "fifo_throughput_limit": "",
            "id": "https://sqs.us-east-2.amazonaws.com/571600864139/log_queue",
            "kms_data_key_reuse_period_seconds": "300",
            "kms_master_key_id": "",
            "max_message_size": "262144",
            "message_retention_seconds": "345600",
            "name": "log_queue",
            "name_prefix": "",
            "policy": "{\"Id\":\"__default_policy_ID\",\"Statement\":[{\"Action\":\"SQS:*\",\"Effect\":\"Allow\",\"Principal\":{\"AWS\":\"arn:aws:iam::571600864139:root\"},\"Resource\":\"arn:aws:sqs:us-east-2:571600864139:log_queue\",\"Sid\":\"__owner_statement\"}],\"Version\":\"2012-10-17\"}",
            "receive_wait_time_seconds": "0",
            "redrive_allow_policy": "",
            "redrive_policy": "",
            "sqs_managed_sse_enabled": "true",
            "tags.%": "0",
            "tags_all.%": "0",
            "url": "https://sqs.us-east-2.amazonaws.com/571600864139/log_queue",
            "visibility_timeout_seconds": "630"
          },
          "sensitive_attributes": []
        }
      ]
    },
    {
      "mode": "managed",
      "type": "aws_sqs_queue",
      "name": "tfer--migrationQueue",
      "provider": "provider[\"registry.terraform.io/hashicorp/aws\"]",
      "instances": [
        {
          "schema_version": 0,
          "attributes_flat": {
            "arn": "arn:aws:sqs:us-east-2:571600864139:migrationQueue",
            "content_based_deduplication": "false",
            "deduplication_scope": "",
            "delay_seconds": "0",
            "fifo_queue": "false",
            "fifo_throughput_limit": "",
            "id": "https://sqs.us-east-2.amazonaws.com/571600864139/migrationQueue",
            "kms_data_key_reuse_period_seconds": "300",
            "kms_master_key_id": "",
            "max_message_size": "262144",
            "message_retention_seconds": "345600",
            "name": "migrationQueue",
            "name_prefix": "",
            "policy": "{\"Id\":\"__default_policy_ID\",\"Statement\":[{\"Action\":\"SQS:*\",\"Effect\":\"Allow\",\"Principal\":{\"AWS\":\"arn:aws:iam::571600864139:root\"},\"Resource\":\"arn:aws:sqs:us-east-2:571600864139:migrationQueue\",\"Sid\":\"__owner_statement\"},{\"Action\":\"SQS:SendMessage\",\"Effect\":\"Allow\",\"Principal\":{\"AWS\":\"arn:aws:iam::571600864139:user/naveenforcloudproject\"},\"Resource\":\"arn:aws:sqs:us-east-2:571600864139:migrationQueue\",\"Sid\":\"__sender_statement\"},{\"Action\":[\"SQS:ChangeMessageVisibility\",\"SQS:DeleteMessage\",\"SQS:ReceiveMessage\"],\"Effect\":\"Allow\",\"Principal\":{\"AWS\":\"arn:aws:iam::571600864139:user/naveenforcloudproject\"},\"Resource\":\"arn:aws:sqs:us-east-2:571600864139:migrationQueue\",\"Sid\":\"__receiver_statement\"}],\"Version\":\"2012-10-17\"}",
            "receive_wait_time_seconds": "0",
            "redrive_allow_policy": "",
            "redrive_policy": "",
            "sqs_managed_sse_enabled": "true",
            "tags.%": "1",
            "tags.migrationQueue": "SQSQueue1",
            "tags_all.%": "1",
            "tags_all.migrationQueue": "SQSQueue1",
            "url": "https://sqs.us-east-2.amazonaws.com/571600864139/migrationQueue",
            "visibility_timeout_seconds": "30"
          },
          "sensitive_attributes": []
        }
      ]
    }
  ],
  "check_results": null
}
