{
  "version": 4,
  "terraform_version": "1.10.3",
  "serial": 1,
  "lineage": "4a65700b-38b9-7220-76b9-1d5124fb7c04",
  "outputs": {
    "aws_subnet_tfer--subnet-09419ba3f1de0d04a_id": {
      "value": "subnet-09419ba3f1de0d04a",
      "type": "string"
    },
    "aws_subnet_tfer--subnet-0bb4356b30dde4719_id": {
      "value": "subnet-0bb4356b30dde4719",
      "type": "string"
    },
    "aws_subnet_tfer--subnet-0d2d79a3412bdf152_id": {
      "value": "subnet-0d2d79a3412bdf152",
      "type": "string"
    }
  },
  "resources": [
    {
      "mode": "managed",
      "type": "aws_subnet",
      "name": "tfer--subnet-09419ba3f1de0d04a",
      "provider": "provider[\"registry.terraform.io/-/aws\"]",
      "instances": [
        {
          "schema_version": 1,
          "attributes_flat": {
            "arn": "arn:aws:ec2:us-east-2:571600864139:subnet/subnet-09419ba3f1de0d04a",
            "assign_ipv6_address_on_creation": "false",
            "availability_zone": "us-east-2a",
            "availability_zone_id": "use2-az1",
            "cidr_block": "172.31.0.0/20",
            "customer_owned_ipv4_pool": "",
            "enable_dns64": "false",
            "enable_lni_at_device_index": "0",
            "enable_resource_name_dns_a_record_on_launch": "false",
            "enable_resource_name_dns_aaaa_record_on_launch": "false",
            "id": "subnet-09419ba3f1de0d04a",
            "ipv6_cidr_block": "",
            "ipv6_cidr_block_association_id": "",
            "ipv6_native": "false",
            "map_customer_owned_ip_on_launch": "false",
            "map_public_ip_on_launch": "true",
            "outpost_arn": "",
            "owner_id": "571600864139",
            "private_dns_hostname_type_on_launch": "ip-name",
            "tags.%": "0",
            "tags_all.%": "0",
            "vpc_id": "vpc-0a39a9d74cc90453c"
          },
          "sensitive_attributes": []
        }
      ]
    },
    {
      "mode": "managed",
      "type": "aws_subnet",
      "name": "tfer--subnet-0bb4356b30dde4719",
      "provider": "provider[\"registry.terraform.io/-/aws\"]",
      "instances": [
        {
          "schema_version": 1,
          "attributes_flat": {
            "arn": "arn:aws:ec2:us-east-2:571600864139:subnet/subnet-0bb4356b30dde4719",
            "assign_ipv6_address_on_creation": "false",
            "availability_zone": "us-east-2c",
            "availability_zone_id": "use2-az3",
            "cidr_block": "172.31.32.0/20",
            "customer_owned_ipv4_pool": "",
            "enable_dns64": "false",
            "enable_lni_at_device_index": "0",
            "enable_resource_name_dns_a_record_on_launch": "false",
            "enable_resource_name_dns_aaaa_record_on_launch": "false",
            "id": "subnet-0bb4356b30dde4719",
            "ipv6_cidr_block": "",
            "ipv6_cidr_block_association_id": "",
            "ipv6_native": "false",
            "map_customer_owned_ip_on_launch": "false",
            "map_public_ip_on_launch": "true",
            "outpost_arn": "",
            "owner_id": "571600864139",
            "private_dns_hostname_type_on_launch": "ip-name",
            "tags.%": "0",
            "tags_all.%": "0",
            "vpc_id": "vpc-0a39a9d74cc90453c"
          },
          "sensitive_attributes": []
        }
      ]
    },
    {
      "mode": "managed",
      "type": "aws_subnet",
      "name": "tfer--subnet-0d2d79a3412bdf152",
      "provider": "provider[\"registry.terraform.io/-/aws\"]",
      "instances": [
        {
          "schema_version": 1,
          "attributes_flat": {
            "arn": "arn:aws:ec2:us-east-2:571600864139:subnet/subnet-0d2d79a3412bdf152",
            "assign_ipv6_address_on_creation": "false",
            "availability_zone": "us-east-2b",
            "availability_zone_id": "use2-az2",
            "cidr_block": "172.31.16.0/20",
            "customer_owned_ipv4_pool": "",
            "enable_dns64": "false",
            "enable_lni_at_device_index": "0",
            "enable_resource_name_dns_a_record_on_launch": "false",
            "enable_resource_name_dns_aaaa_record_on_launch": "false",
            "id": "subnet-0d2d79a3412bdf152",
            "ipv6_cidr_block": "",
            "ipv6_cidr_block_association_id": "",
            "ipv6_native": "false",
            "map_customer_owned_ip_on_launch": "false",
            "map_public_ip_on_launch": "true",
            "outpost_arn": "",
            "owner_id": "571600864139",
            "private_dns_hostname_type_on_launch": "ip-name",
            "tags.%": "0",
            "tags_all.%": "0",
            "vpc_id": "vpc-0a39a9d74cc90453c"
          },
          "sensitive_attributes": []
        }
      ]
    }
  ],
  "check_results": null
}
