{
  "version": 4,
  "terraform_version": "1.10.3",
  "serial": 1,
  "lineage": "b3503f3d-e110-cdfd-2fef-5ff0317fbee7",
  "outputs": {
    "aws_vpc_tfer--vpc-0a39a9d74cc90453c_id": {
      "value": "vpc-0a39a9d74cc90453c",
      "type": "string"
    }
  },
  "resources": [
    {
      "mode": "managed",
      "type": "aws_vpc",
      "name": "tfer--vpc-0a39a9d74cc90453c",
      "provider": "provider[\"registry.terraform.io/-/aws\"]",
      "instances": [
        {
          "schema_version": 1,
          "attributes_flat": {
            "arn": "arn:aws:ec2:us-east-2:571600864139:vpc/vpc-0a39a9d74cc90453c",
            "assign_generated_ipv6_cidr_block": "false",
            "cidr_block": "172.31.0.0/16",
            "default_network_acl_id": "acl-09a55e3d152415b2d",
            "default_route_table_id": "rtb-0842c6b53edabe59a",
            "default_security_group_id": "sg-0b02998105dcfc1bf",
            "dhcp_options_id": "dopt-02ac4fbb4f65fb977",
            "enable_dns_hostnames": "true",
            "enable_dns_support": "true",
            "enable_network_address_usage_metrics": "false",
            "id": "vpc-0a39a9d74cc90453c",
            "instance_tenancy": "default",
            "ipv6_association_id": "",
            "ipv6_cidr_block": "",
            "ipv6_cidr_block_network_border_group": "",
            "ipv6_ipam_pool_id": "",
            "ipv6_netmask_length": "0",
            "main_route_table_id": "rtb-0842c6b53edabe59a",
            "owner_id": "571600864139",
            "tags.%": "0",
            "tags_all.%": "0"
          },
          "sensitive_attributes": []
        }
      ]
    }
  ],
  "check_results": null
}
